{
  "version": 4,
  "terraform_version": "1.13.0",
  "serial": 2092,
  "lineage": "191e1810-6845-2c66-4954-91ac45fad1c1",
  "outputs": {},
  "resources": [
    {
      "module": "module.RG[\"khkim_rg\"]",
      "mode": "managed",
      "type": "azurerm_resource_group",
      "name": "rg",
      "provider": "provider[\"registry.terraform.io/hashicorp/azurerm\"]",
      "instances": [
        {
          "schema_version": 0,
          "attributes": {
            "id": "/subscriptions/86d6e9f1-1227-4473-98f5-7920e3e02eef/resourceGroups/khkim_rg",
            "location": "koreacentral",
            "managed_by": "",
            "name": "khkim_rg",
            "tags": {
              "사용자": "김교현",
              "용도": "테스트"
            },
            "timeouts": null
          },
          "sensitive_attributes": [],
          "identity_schema_version": 0,
          "identity": {
            "name": "khkim_rg",
            "subscription_id": "86d6e9f1-1227-4473-98f5-7920e3e02eef"
          },
          "private": "eyJlMmJmYjczMC1lY2FhLTExZTYtOGY4OC0zNDM2M2JjN2M0YzAiOnsiY3JlYXRlIjo1NDAwMDAwMDAwMDAwLCJkZWxldGUiOjU0MDAwMDAwMDAwMDAsInJlYWQiOjMwMDAwMDAwMDAwMCwidXBkYXRlIjo1NDAwMDAwMDAwMDAwfX0="
        }
      ]
    },
    {
      "module": "module.aks[\"khkim-aks\"]",
      "mode": "managed",
      "type": "azurerm_kubernetes_cluster_node_pool",
      "name": "userpool",
      "provider": "provider[\"registry.terraform.io/hashicorp/azurerm\"]",
      "instances": []
    },
    {
      "module": "module.azure_vm[\"khkim-ubuntu1\"]",
      "mode": "data",
      "type": "azurerm_storage_account",
      "name": "boot_stg",
      "provider": "provider[\"registry.terraform.io/hashicorp/azurerm\"]",
      "instances": []
    },
    {
      "module": "module.azure_vm[\"khkim-ubuntu1\"]",
      "mode": "data",
      "type": "azurerm_storage_account",
      "name": "cse_stg",
      "provider": "provider[\"registry.terraform.io/hashicorp/azurerm\"]",
      "instances": []
    },
    {
      "module": "module.azure_vm[\"khkim-ubuntu1\"]",
      "mode": "data",
      "type": "azurerm_storage_account",
      "name": "vhd_stg",
      "provider": "provider[\"registry.terraform.io/hashicorp/azurerm\"]",
      "instances": []
    },
    {
      "module": "module.azure_vm[\"khkim-ubuntu1\"]",
      "mode": "managed",
      "type": "azurerm_managed_disk",
      "name": "data_disk",
      "provider": "provider[\"registry.terraform.io/hashicorp/azurerm\"]",
      "instances": []
    },
    {
      "module": "module.azure_vm[\"khkim-ubuntu1\"]",
      "mode": "managed",
      "type": "azurerm_managed_disk",
      "name": "replica_os_disk",
      "provider": "provider[\"registry.terraform.io/hashicorp/azurerm\"]",
      "instances": []
    },
    {
      "module": "module.pip[\"PIP-worker2\"]",
      "mode": "managed",
      "type": "azurerm_public_ip",
      "name": "public_ip",
      "provider": "provider[\"registry.terraform.io/hashicorp/azurerm\"]",
      "instances": [
        {
          "schema_version": 0,
          "attributes": {
            "allocation_method": "Static",
            "ddos_protection_mode": "VirtualNetworkInherited",
            "ddos_protection_plan_id": null,
            "domain_name_label": null,
            "domain_name_label_scope": null,
            "edge_zone": "",
            "fqdn": null,
            "id": "/subscriptions/86d6e9f1-1227-4473-98f5-7920e3e02eef/resourceGroups/KHKIM_RG/providers/Microsoft.Network/publicIPAddresses/PIP-worker2",
            "idle_timeout_in_minutes": 4,
            "ip_address": "4.217.184.91",
            "ip_tags": {},
            "ip_version": "IPv4",
            "location": "koreacentral",
            "name": "PIP-worker2",
            "public_ip_prefix_id": null,
            "resource_group_name": "KHKIM_RG",
            "reverse_fqdn": null,
            "sku": "Standard",
            "sku_tier": "Regional",
            "tags": {
              "owner": "김교현"
            },
            "timeouts": null,
            "zones": []
          },
          "sensitive_attributes": [],
          "identity_schema_version": 0,
          "private": "eyJlMmJmYjczMC1lY2FhLTExZTYtOGY4OC0zNDM2M2JjN2M0YzAiOnsiY3JlYXRlIjoxODAwMDAwMDAwMDAwLCJkZWxldGUiOjE4MDAwMDAwMDAwMDAsInJlYWQiOjMwMDAwMDAwMDAwMCwidXBkYXRlIjoxODAwMDAwMDAwMDAwfX0=",
          "dependencies": [
            "module.RG.azurerm_resource_group.rg"
          ]
        }
      ]
    },
    {
      "module": "module.vnet[\"Hub-vnet\"]",
      "mode": "managed",
      "type": "azurerm_subnet_route_table_association",
      "name": "udr_assoc",
      "provider": "provider[\"registry.terraform.io/hashicorp/azurerm\"]",
      "instances": []
    },
    {
      "module": "module.vnet[\"spoke1-vnet\"]",
      "mode": "managed",
      "type": "azurerm_subnet_network_security_group_association",
      "name": "nsg_assoc",
      "provider": "provider[\"registry.terraform.io/hashicorp/azurerm\"]",
      "instances": []
    },
    {
      "module": "module.vnet[\"spoke1-vnet\"]",
      "mode": "managed",
      "type": "azurerm_subnet_route_table_association",
      "name": "udr_assoc",
      "provider": "provider[\"registry.terraform.io/hashicorp/azurerm\"]",
      "instances": []
    }
  ],
  "check_results": null
}
