{
  "version": 4,
  "terraform_version": "1.11.2",
  "serial": 3710,
  "lineage": "ed53f5aa-0249-73bc-dbe4-61af71c50da1",
  "outputs": {},
  "resources": [
    {
      "mode": "managed",
      "type": "azurerm_virtual_network_peering",
      "name": "hub_to_spoke",
      "provider": "provider[\"registry.terraform.io/hashicorp/azurerm\"]",
      "instances": [
        {
          "schema_version": 0,
          "attributes": {
            "allow_forwarded_traffic": true,
            "allow_gateway_transit": false,
            "allow_virtual_network_access": true,
            "id": "/subscriptions/122a2e7e-7d1a-4b2d-a26c-0a156dfa583c/resourceGroups/RG-KHKIM/providers/Microsoft.Network/virtualNetworks/vnet-hub/virtualNetworkPeerings/hub-to-spoke",
            "local_subnet_names": null,
            "name": "hub-to-spoke",
            "only_ipv6_peering_enabled": false,
            "peer_complete_virtual_networks_enabled": true,
            "remote_subnet_names": null,
            "remote_virtual_network_id": "/subscriptions/122a2e7e-7d1a-4b2d-a26c-0a156dfa583c/resourceGroups/RG-KHKIM/providers/Microsoft.Network/virtualNetworks/vnet-spoke",
            "resource_group_name": "RG-KHKIM",
            "timeouts": null,
            "triggers": null,
            "use_remote_gateways": false,
            "virtual_network_name": "vnet-hub"
          },
          "sensitive_attributes": [],
          "private": "eyJlMmJmYjczMC1lY2FhLTExZTYtOGY4OC0zNDM2M2JjN2M0YzAiOnsiY3JlYXRlIjoxODAwMDAwMDAwMDAwLCJkZWxldGUiOjE4MDAwMDAwMDAwMDAsInJlYWQiOjMwMDAwMDAwMDAwMCwidXBkYXRlIjoxODAwMDAwMDAwMDAwfX0=",
          "dependencies": [
            "module.RG.azurerm_resource_group.example",
            "module.vnet.azurerm_virtual_network.example"
          ]
        }
      ]
    },
    {
      "mode": "managed",
      "type": "azurerm_virtual_network_peering",
      "name": "spoke_to_hub",
      "provider": "provider[\"registry.terraform.io/hashicorp/azurerm\"]",
      "instances": [
        {
          "schema_version": 0,
          "attributes": {
            "allow_forwarded_traffic": true,
            "allow_gateway_transit": false,
            "allow_virtual_network_access": true,
            "id": "/subscriptions/122a2e7e-7d1a-4b2d-a26c-0a156dfa583c/resourceGroups/RG-KHKIM/providers/Microsoft.Network/virtualNetworks/vnet-spoke/virtualNetworkPeerings/spoke-to-hub",
            "local_subnet_names": null,
            "name": "spoke-to-hub",
            "only_ipv6_peering_enabled": false,
            "peer_complete_virtual_networks_enabled": true,
            "remote_subnet_names": null,
            "remote_virtual_network_id": "/subscriptions/122a2e7e-7d1a-4b2d-a26c-0a156dfa583c/resourceGroups/RG-KHKIM/providers/Microsoft.Network/virtualNetworks/vnet-hub",
            "resource_group_name": "RG-KHKIM",
            "timeouts": null,
            "triggers": null,
            "use_remote_gateways": false,
            "virtual_network_name": "vnet-spoke"
          },
          "sensitive_attributes": [],
          "private": "eyJlMmJmYjczMC1lY2FhLTExZTYtOGY4OC0zNDM2M2JjN2M0YzAiOnsiY3JlYXRlIjoxODAwMDAwMDAwMDAwLCJkZWxldGUiOjE4MDAwMDAwMDAwMDAsInJlYWQiOjMwMDAwMDAwMDAwMCwidXBkYXRlIjoxODAwMDAwMDAwMDAwfX0=",
          "dependencies": [
            "module.RG.azurerm_resource_group.example",
            "module.vnet.azurerm_virtual_network.example"
          ]
        }
      ]
    },
    {
      "module": "module.NSG[\"nsg-rygus-test\"]",
      "mode": "managed",
      "type": "azurerm_network_security_group",
      "name": "nsg",
      "provider": "provider[\"registry.terraform.io/hashicorp/azurerm\"]",
      "instances": [
        {
          "schema_version": 0,
          "attributes": {
            "id": "/subscriptions/122a2e7e-7d1a-4b2d-a26c-0a156dfa583c/resourceGroups/RG-KHKIM/providers/Microsoft.Network/networkSecurityGroups/nsg-rygus-test",
            "location": "koreacentral",
            "name": "nsg-rygus-test",
            "resource_group_name": "RG-KHKIM",
            "security_rule": [],
            "tags": null,
            "timeouts": null
          },
          "sensitive_attributes": [],
          "private": "eyJlMmJmYjczMC1lY2FhLTExZTYtOGY4OC0zNDM2M2JjN2M0YzAiOnsiY3JlYXRlIjoxODAwMDAwMDAwMDAwLCJkZWxldGUiOjE4MDAwMDAwMDAwMDAsInJlYWQiOjMwMDAwMDAwMDAwMCwidXBkYXRlIjoxODAwMDAwMDAwMDAwfX0=",
          "dependencies": [
            "module.RG.azurerm_resource_group.example"
          ]
        }
      ]
    },
    {
      "module": "module.NSG[\"nsg-rygus-test\"]",
      "mode": "managed",
      "type": "azurerm_network_security_rule",
      "name": "nsg_rule",
      "provider": "provider[\"registry.terraform.io/hashicorp/azurerm\"]",
      "instances": [
        {
          "index_key": "allow-http",
          "schema_version": 0,
          "attributes": {
            "access": "Allow",
            "description": "",
            "destination_address_prefix": "*",
            "destination_address_prefixes": null,
            "destination_application_security_group_ids": null,
            "destination_port_range": "80",
            "destination_port_ranges": null,
            "direction": "Inbound",
            "id": "/subscriptions/122a2e7e-7d1a-4b2d-a26c-0a156dfa583c/resourceGroups/RG-KHKIM/providers/Microsoft.Network/networkSecurityGroups/nsg-rygus-test/securityRules/allow-http",
            "name": "allow-http",
            "network_security_group_name": "nsg-rygus-test",
            "priority": 400,
            "protocol": "Tcp",
            "resource_group_name": "RG-KHKIM",
            "source_address_prefix": "",
            "source_address_prefixes": [
              "1.235.222.130",
              "218.48.21.223"
            ],
            "source_application_security_group_ids": null,
            "source_port_range": "*",
            "source_port_ranges": null,
            "timeouts": null
          },
          "sensitive_attributes": [],
          "private": "eyJlMmJmYjczMC1lY2FhLTExZTYtOGY4OC0zNDM2M2JjN2M0YzAiOnsiY3JlYXRlIjoxODAwMDAwMDAwMDAwLCJkZWxldGUiOjE4MDAwMDAwMDAwMDAsInJlYWQiOjMwMDAwMDAwMDAwMCwidXBkYXRlIjoxODAwMDAwMDAwMDAwfX0=",
          "dependencies": [
            "module.NSG.azurerm_network_security_group.nsg",
            "module.RG.azurerm_resource_group.example"
          ]
        },
        {
          "index_key": "allow-icmp",
          "schema_version": 0,
          "attributes": {
            "access": "Allow",
            "description": "",
            "destination_address_prefix": "*",
            "destination_address_prefixes": null,
            "destination_application_security_group_ids": null,
            "destination_port_range": "*",
            "destination_port_ranges": null,
            "direction": "Inbound",
            "id": "/subscriptions/122a2e7e-7d1a-4b2d-a26c-0a156dfa583c/resourceGroups/RG-KHKIM/providers/Microsoft.Network/networkSecurityGroups/nsg-rygus-test/securityRules/allow-icmp",
            "name": "allow-icmp",
            "network_security_group_name": "nsg-rygus-test",
            "priority": 500,
            "protocol": "Icmp",
            "resource_group_name": "RG-KHKIM",
            "source_address_prefix": "",
            "source_address_prefixes": [
              "1.235.222.130",
              "218.48.21.223"
            ],
            "source_application_security_group_ids": null,
            "source_port_range": "*",
            "source_port_ranges": null,
            "timeouts": null
          },
          "sensitive_attributes": [],
          "private": "eyJlMmJmYjczMC1lY2FhLTExZTYtOGY4OC0zNDM2M2JjN2M0YzAiOnsiY3JlYXRlIjoxODAwMDAwMDAwMDAwLCJkZWxldGUiOjE4MDAwMDAwMDAwMDAsInJlYWQiOjMwMDAwMDAwMDAwMCwidXBkYXRlIjoxODAwMDAwMDAwMDAwfX0=",
          "dependencies": [
            "module.NSG.azurerm_network_security_group.nsg",
            "module.RG.azurerm_resource_group.example"
          ]
        },
        {
          "index_key": "allow-rdp",
          "schema_version": 0,
          "attributes": {
            "access": "Allow",
            "description": "",
            "destination_address_prefix": "*",
            "destination_address_prefixes": null,
            "destination_application_security_group_ids": null,
            "destination_port_range": "3389",
            "destination_port_ranges": null,
            "direction": "Inbound",
            "id": "/subscriptions/122a2e7e-7d1a-4b2d-a26c-0a156dfa583c/resourceGroups/RG-KHKIM/providers/Microsoft.Network/networkSecurityGroups/nsg-rygus-test/securityRules/allow-rdp",
            "name": "allow-rdp",
            "network_security_group_name": "nsg-rygus-test",
            "priority": 100,
            "protocol": "Tcp",
            "resource_group_name": "RG-KHKIM",
            "source_address_prefix": "",
            "source_address_prefixes": [
              "1.235.222.130",
              "218.48.21.223"
            ],
            "source_application_security_group_ids": null,
            "source_port_range": "*",
            "source_port_ranges": null,
            "timeouts": null
          },
          "sensitive_attributes": [],
          "private": "eyJlMmJmYjczMC1lY2FhLTExZTYtOGY4OC0zNDM2M2JjN2M0YzAiOnsiY3JlYXRlIjoxODAwMDAwMDAwMDAwLCJkZWxldGUiOjE4MDAwMDAwMDAwMDAsInJlYWQiOjMwMDAwMDAwMDAwMCwidXBkYXRlIjoxODAwMDAwMDAwMDAwfX0=",
          "dependencies": [
            "module.NSG.azurerm_network_security_group.nsg",
            "module.RG.azurerm_resource_group.example"
          ]
        },
        {
          "index_key": "allow-ssh",
          "schema_version": 0,
          "attributes": {
            "access": "Allow",
            "description": "",
            "destination_address_prefix": "*",
            "destination_address_prefixes": null,
            "destination_application_security_group_ids": null,
            "destination_port_range": "22",
            "destination_port_ranges": null,
            "direction": "Inbound",
            "id": "/subscriptions/122a2e7e-7d1a-4b2d-a26c-0a156dfa583c/resourceGroups/RG-KHKIM/providers/Microsoft.Network/networkSecurityGroups/nsg-rygus-test/securityRules/allow-ssh",
            "name": "allow-ssh",
            "network_security_group_name": "nsg-rygus-test",
            "priority": 200,
            "protocol": "Tcp",
            "resource_group_name": "RG-KHKIM",
            "source_address_prefix": "",
            "source_address_prefixes": [
              "1.235.222.130",
              "218.48.21.223"
            ],
            "source_application_security_group_ids": null,
            "source_port_range": "*",
            "source_port_ranges": null,
            "timeouts": null
          },
          "sensitive_attributes": [],
          "private": "eyJlMmJmYjczMC1lY2FhLTExZTYtOGY4OC0zNDM2M2JjN2M0YzAiOnsiY3JlYXRlIjoxODAwMDAwMDAwMDAwLCJkZWxldGUiOjE4MDAwMDAwMDAwMDAsInJlYWQiOjMwMDAwMDAwMDAwMCwidXBkYXRlIjoxODAwMDAwMDAwMDAwfX0=",
          "dependencies": [
            "module.NSG.azurerm_network_security_group.nsg",
            "module.RG.azurerm_resource_group.example"
          ]
        }
      ]
    },
    {
      "module": "module.RG[\"RG-KHKIM\"]",
      "mode": "managed",
      "type": "azurerm_resource_group",
      "name": "example",
      "provider": "provider[\"registry.terraform.io/hashicorp/azurerm\"]",
      "instances": [
        {
          "schema_version": 0,
          "attributes": {
            "id": "/subscriptions/122a2e7e-7d1a-4b2d-a26c-0a156dfa583c/resourceGroups/RG-KHKIM",
            "location": "koreacentral",
            "managed_by": "",
            "name": "RG-KHKIM",
            "tags": {
              "owner": "김교현"
            },
            "timeouts": null
          },
          "sensitive_attributes": [],
          "private": "eyJlMmJmYjczMC1lY2FhLTExZTYtOGY4OC0zNDM2M2JjN2M0YzAiOnsiY3JlYXRlIjo1NDAwMDAwMDAwMDAwLCJkZWxldGUiOjU0MDAwMDAwMDAwMDAsInJlYWQiOjMwMDAwMDAwMDAwMCwidXBkYXRlIjo1NDAwMDAwMDAwMDAwfX0="
        }
      ]
    },
    {
      "module": "module.azure_vm[\"vm-windows\"]",
      "mode": "data",
      "type": "azurerm_storage_account",
      "name": "example",
      "provider": "provider[\"registry.terraform.io/hashicorp/azurerm\"]",
      "instances": [
        {
          "schema_version": 0,
          "attributes": {
            "access_tier": "Hot",
            "account_kind": "StorageV2",
            "account_replication_type": "LRS",
            "account_tier": "Standard",
            "allow_nested_items_to_be_public": false,
            "azure_files_authentication": [],
            "custom_domain": [],
            "dns_endpoint_type": "Standard",
            "https_traffic_only_enabled": true,
            "id": "/subscriptions/122a2e7e-7d1a-4b2d-a26c-0a156dfa583c/resourceGroups/khkim-test-rg/providers/Microsoft.Storage/storageAccounts/khkimtest",
            "identity": [],
            "infrastructure_encryption_enabled": false,
            "is_hns_enabled": false,
            "location": "koreacentral",
            "min_tls_version": "TLS1_2",
            "name": "khkimtest",
            "nfsv3_enabled": false,
            "primary_access_key": "jFiL/njtHFnzGWRhsRA7aRPByH/26PCMcAxnwwGYWtoh9bFvmr70cKgr26UimmDL7wigQlq5uGTJ+AStl3TC7g==",
            "primary_blob_connection_string": "DefaultEndpointsProtocol=https;BlobEndpoint=https://khkimtest.blob.core.windows.net/;AccountName=khkimtest;AccountKey=jFiL/njtHFnzGWRhsRA7aRPByH/26PCMcAxnwwGYWtoh9bFvmr70cKgr26UimmDL7wigQlq5uGTJ+AStl3TC7g==",
            "primary_blob_endpoint": "https://khkimtest.blob.core.windows.net/",
            "primary_blob_host": "khkimtest.blob.core.windows.net",
            "primary_blob_internet_endpoint": "",
            "primary_blob_internet_host": "",
            "primary_blob_microsoft_endpoint": "",
            "primary_blob_microsoft_host": "",
            "primary_connection_string": "DefaultEndpointsProtocol=https;AccountName=khkimtest;AccountKey=jFiL/njtHFnzGWRhsRA7aRPByH/26PCMcAxnwwGYWtoh9bFvmr70cKgr26UimmDL7wigQlq5uGTJ+AStl3TC7g==;EndpointSuffix=core.windows.net",
            "primary_dfs_endpoint": "https://khkimtest.dfs.core.windows.net/",
            "primary_dfs_host": "khkimtest.dfs.core.windows.net",
            "primary_dfs_internet_endpoint": "",
            "primary_dfs_internet_host": "",
            "primary_dfs_microsoft_endpoint": "",
            "primary_dfs_microsoft_host": "",
            "primary_file_endpoint": "https://khkimtest.file.core.windows.net/",
            "primary_file_host": "khkimtest.file.core.windows.net",
            "primary_file_internet_endpoint": "",
            "primary_file_internet_host": "",
            "primary_file_microsoft_endpoint": "",
            "primary_file_microsoft_host": "",
            "primary_location": "koreacentral",
            "primary_queue_endpoint": "https://khkimtest.queue.core.windows.net/",
            "primary_queue_host": "khkimtest.queue.core.windows.net",
            "primary_queue_microsoft_endpoint": "",
            "primary_queue_microsoft_host": "",
            "primary_table_endpoint": "https://khkimtest.table.core.windows.net/",
            "primary_table_host": "khkimtest.table.core.windows.net",
            "primary_table_microsoft_endpoint": "",
            "primary_table_microsoft_host": "",
            "primary_web_endpoint": "https://khkimtest.z12.web.core.windows.net/",
            "primary_web_host": "khkimtest.z12.web.core.windows.net",
            "primary_web_internet_endpoint": "",
            "primary_web_internet_host": "",
            "primary_web_microsoft_endpoint": "",
            "primary_web_microsoft_host": "",
            "queue_encryption_key_type": "Service",
            "resource_group_name": "khkim-test-rg",
            "secondary_access_key": "U2rbA7c0nPjGXgLkZPQT/KUN8/HtNo1TMQ4vOufFKEGgdSKM3KY22thngC/m033TUNrz1DYENJG1+ASttsDttw==",
            "secondary_blob_connection_string": "",
            "secondary_blob_endpoint": "",
            "secondary_blob_host": "",
            "secondary_blob_internet_endpoint": "",
            "secondary_blob_internet_host": "",
            "secondary_blob_microsoft_endpoint": "",
            "secondary_blob_microsoft_host": "",
            "secondary_connection_string": "DefaultEndpointsProtocol=https;AccountName=khkimtest;AccountKey=U2rbA7c0nPjGXgLkZPQT/KUN8/HtNo1TMQ4vOufFKEGgdSKM3KY22thngC/m033TUNrz1DYENJG1+ASttsDttw==;EndpointSuffix=core.windows.net",
            "secondary_dfs_endpoint": "",
            "secondary_dfs_host": "",
            "secondary_dfs_internet_endpoint": "",
            "secondary_dfs_internet_host": "",
            "secondary_dfs_microsoft_endpoint": "",
            "secondary_dfs_microsoft_host": "",
            "secondary_file_endpoint": "",
            "secondary_file_host": "",
            "secondary_file_internet_endpoint": "",
            "secondary_file_internet_host": "",
            "secondary_file_microsoft_endpoint": "",
            "secondary_file_microsoft_host": "",
            "secondary_location": "",
            "secondary_queue_endpoint": "",
            "secondary_queue_host": "",
            "secondary_queue_microsoft_endpoint": "",
            "secondary_queue_microsoft_host": "",
            "secondary_table_endpoint": "",
            "secondary_table_host": "",
            "secondary_table_microsoft_endpoint": "",
            "secondary_table_microsoft_host": "",
            "secondary_web_endpoint": "",
            "secondary_web_host": "",
            "secondary_web_internet_endpoint": "",
            "secondary_web_internet_host": "",
            "secondary_web_microsoft_endpoint": "",
            "secondary_web_microsoft_host": "",
            "table_encryption_key_type": "Service",
            "tags": {
              "생성자": "김교현"
            },
            "timeouts": null
          },
          "sensitive_attributes": [
            [
              {
                "type": "get_attr",
                "value": "secondary_blob_connection_string"
              }
            ],
            [
              {
                "type": "get_attr",
                "value": "primary_blob_connection_string"
              }
            ],
            [
              {
                "type": "get_attr",
                "value": "secondary_connection_string"
              }
            ],
            [
              {
                "type": "get_attr",
                "value": "primary_connection_string"
              }
            ],
            [
              {
                "type": "get_attr",
                "value": "primary_access_key"
              }
            ],
            [
              {
                "type": "get_attr",
                "value": "secondary_access_key"
              }
            ]
          ]
        }
      ]
    },
    {
      "module": "module.azure_vm[\"vm-windows\"]",
      "mode": "managed",
      "type": "azurerm_network_interface",
      "name": "nic",
      "provider": "provider[\"registry.terraform.io/hashicorp/azurerm\"]",
      "instances": [
        {
          "schema_version": 0,
          "attributes": {
            "accelerated_networking_enabled": true,
            "applied_dns_servers": [],
            "auxiliary_mode": "",
            "auxiliary_sku": "",
            "dns_servers": null,
            "edge_zone": "",
            "id": "/subscriptions/122a2e7e-7d1a-4b2d-a26c-0a156dfa583c/resourceGroups/RG-KHKIM/providers/Microsoft.Network/networkInterfaces/NIC-vm-windows",
            "internal_dns_name_label": "",
            "internal_domain_name_suffix": "tmmrg5nipylevfzey4jv5myt4f.syx.internal.cloudapp.net",
            "ip_configuration": [
              {
                "gateway_load_balancer_frontend_ip_configuration_id": "",
                "name": "Ipconfiguration-vm-windows",
                "primary": true,
                "private_ip_address": "11.0.0.69",
                "private_ip_address_allocation": "Static",
                "private_ip_address_version": "IPv4",
                "public_ip_address_id": "/subscriptions/122a2e7e-7d1a-4b2d-a26c-0a156dfa583c/resourceGroups/RG-KHKIM/providers/Microsoft.Network/publicIPAddresses/PIP-Hub",
                "subnet_id": "/subscriptions/122a2e7e-7d1a-4b2d-a26c-0a156dfa583c/resourceGroups/RG-KHKIM/providers/Microsoft.Network/virtualNetworks/vnet-hub/subnets/vm-subnet"
              }
            ],
            "ip_forwarding_enabled": false,
            "location": "koreacentral",
            "mac_address": "",
            "name": "NIC-vm-windows",
            "private_ip_address": "11.0.0.69",
            "private_ip_addresses": [
              "11.0.0.69"
            ],
            "resource_group_name": "RG-KHKIM",
            "tags": null,
            "timeouts": null,
            "virtual_machine_id": ""
          },
          "sensitive_attributes": [],
          "private": "eyJlMmJmYjczMC1lY2FhLTExZTYtOGY4OC0zNDM2M2JjN2M0YzAiOnsiY3JlYXRlIjoxODAwMDAwMDAwMDAwLCJkZWxldGUiOjE4MDAwMDAwMDAwMDAsInJlYWQiOjMwMDAwMDAwMDAwMCwidXBkYXRlIjoxODAwMDAwMDAwMDAwfX0=",
          "dependencies": [
            "module.RG.azurerm_resource_group.example",
            "module.pip.azurerm_public_ip.public_ip",
            "module.vnet.azurerm_subnet.example",
            "module.vnet.azurerm_virtual_network.example"
          ]
        }
      ]
    },
    {
      "module": "module.azure_vm[\"vm-windows\"]",
      "mode": "managed",
      "type": "azurerm_network_interface_security_group_association",
      "name": "example",
      "provider": "provider[\"registry.terraform.io/hashicorp/azurerm\"]",
      "instances": [
        {
          "schema_version": 0,
          "attributes": {
            "id": "/subscriptions/122a2e7e-7d1a-4b2d-a26c-0a156dfa583c/resourceGroups/RG-KHKIM/providers/Microsoft.Network/networkInterfaces/NIC-vm-windows|/subscriptions/122a2e7e-7d1a-4b2d-a26c-0a156dfa583c/resourceGroups/RG-KHKIM/providers/Microsoft.Network/networkSecurityGroups/nsg-rygus-test",
            "network_interface_id": "/subscriptions/122a2e7e-7d1a-4b2d-a26c-0a156dfa583c/resourceGroups/RG-KHKIM/providers/Microsoft.Network/networkInterfaces/NIC-vm-windows",
            "network_security_group_id": "/subscriptions/122a2e7e-7d1a-4b2d-a26c-0a156dfa583c/resourceGroups/RG-KHKIM/providers/Microsoft.Network/networkSecurityGroups/nsg-rygus-test",
            "timeouts": null
          },
          "sensitive_attributes": [],
          "private": "eyJlMmJmYjczMC1lY2FhLTExZTYtOGY4OC0zNDM2M2JjN2M0YzAiOnsiY3JlYXRlIjoxODAwMDAwMDAwMDAwLCJkZWxldGUiOjE4MDAwMDAwMDAwMDAsInJlYWQiOjMwMDAwMDAwMDAwMH19",
          "dependencies": [
            "module.NSG.azurerm_network_security_group.nsg",
            "module.NSG.azurerm_network_security_rule.nsg_rule",
            "module.RG.azurerm_resource_group.example",
            "module.azure_vm.azurerm_network_interface.nic",
            "module.pip.azurerm_public_ip.public_ip",
            "module.vnet.azurerm_subnet.example",
            "module.vnet.azurerm_virtual_network.example"
          ]
        }
      ]
    },
    {
      "module": "module.azure_vm[\"vm-windows\"]",
      "mode": "managed",
      "type": "azurerm_windows_virtual_machine",
      "name": "vm_windows",
      "provider": "provider[\"registry.terraform.io/hashicorp/azurerm\"]",
      "instances": [
        {
          "index_key": 0,
          "schema_version": 0,
          "attributes": {
            "additional_capabilities": [],
            "additional_unattend_content": [],
            "admin_password": "QWERasdf123!!",
            "admin_username": "khkim",
            "allow_extension_operations": true,
            "availability_set_id": "",
            "boot_diagnostics": [
              {
                "storage_account_uri": "https://khkimtest.blob.core.windows.net/"
              }
            ],
            "bypass_platform_safety_checks_on_user_schedule_enabled": false,
            "capacity_reservation_group_id": "",
            "computer_name": "vm-windows",
            "custom_data": null,
            "dedicated_host_group_id": "",
            "dedicated_host_id": "",
            "disk_controller_type": "",
            "edge_zone": "",
            "enable_automatic_updates": false,
            "encryption_at_host_enabled": false,
            "eviction_policy": "",
            "extensions_time_budget": "PT1H30M",
            "gallery_application": [],
            "hotpatching_enabled": false,
            "id": "/subscriptions/122a2e7e-7d1a-4b2d-a26c-0a156dfa583c/resourceGroups/RG-KHKIM/providers/Microsoft.Compute/virtualMachines/vm-windows",
            "identity": [],
            "license_type": "",
            "location": "koreacentral",
            "max_bid_price": -1,
            "name": "vm-windows",
            "network_interface_ids": [
              "/subscriptions/122a2e7e-7d1a-4b2d-a26c-0a156dfa583c/resourceGroups/RG-KHKIM/providers/Microsoft.Network/networkInterfaces/NIC-vm-windows"
            ],
            "os_disk": [
              {
                "caching": "ReadWrite",
                "diff_disk_settings": [],
                "disk_encryption_set_id": "",
                "disk_size_gb": 128,
                "id": "/subscriptions/122a2e7e-7d1a-4b2d-a26c-0a156dfa583c/resourceGroups/RG-KHKIM/providers/Microsoft.Compute/disks/OSDISK-vm-windows",
                "name": "OSDISK-vm-windows",
                "secure_vm_disk_encryption_set_id": "",
                "security_encryption_type": "",
                "storage_account_type": "Standard_LRS",
                "write_accelerator_enabled": false
              }
            ],
            "os_image_notification": [],
            "patch_assessment_mode": "ImageDefault",
            "patch_mode": "Manual",
            "plan": [],
            "platform_fault_domain": -1,
            "priority": "Regular",
            "private_ip_address": "11.0.0.69",
            "private_ip_addresses": [
              "11.0.0.69"
            ],
            "provision_vm_agent": true,
            "proximity_placement_group_id": "",
            "public_ip_address": "52.141.44.187",
            "public_ip_addresses": [
              "52.141.44.187"
            ],
            "reboot_setting": "",
            "resource_group_name": "RG-KHKIM",
            "secret": [],
            "secure_boot_enabled": false,
            "size": "Standard_F2s_v2",
            "source_image_id": "",
            "source_image_reference": [
              {
                "offer": "WindowsServer",
                "publisher": "MicrosoftWindowsServer",
                "sku": "2019-datacenter",
                "version": "latest"
              }
            ],
            "tags": {
              "owner": "김교현"
            },
            "termination_notification": null,
            "timeouts": null,
            "timezone": "Korea Standard Time",
            "user_data": "",
            "virtual_machine_id": "f5f6ec3b-1d44-4f7b-b3ed-5f612515bb5b",
            "virtual_machine_scale_set_id": "",
            "vm_agent_platform_updates_enabled": true,
            "vtpm_enabled": false,
            "winrm_listener": [],
            "zone": ""
          },
          "sensitive_attributes": [
            [
              {
                "type": "get_attr",
                "value": "custom_data"
              }
            ],
            [
              {
                "type": "get_attr",
                "value": "admin_password"
              }
            ]
          ],
          "private": "eyJlMmJmYjczMC1lY2FhLTExZTYtOGY4OC0zNDM2M2JjN2M0YzAiOnsiY3JlYXRlIjoyNzAwMDAwMDAwMDAwLCJkZWxldGUiOjI3MDAwMDAwMDAwMDAsInJlYWQiOjMwMDAwMDAwMDAwMCwidXBkYXRlIjoyNzAwMDAwMDAwMDAwfX0=",
          "dependencies": [
            "module.RG.azurerm_resource_group.example",
            "module.azure_vm.azurerm_network_interface.nic",
            "module.azure_vm.data.azurerm_storage_account.example",
            "module.pip.azurerm_public_ip.public_ip",
            "module.vnet.azurerm_subnet.example",
            "module.vnet.azurerm_virtual_network.example"
          ]
        }
      ]
    },
    {
      "module": "module.pip[\"PIP-AGW\"]",
      "mode": "managed",
      "type": "azurerm_public_ip",
      "name": "public_ip",
      "provider": "provider[\"registry.terraform.io/hashicorp/azurerm\"]",
      "instances": [
        {
          "schema_version": 0,
          "attributes": {
            "allocation_method": "Static",
            "ddos_protection_mode": "VirtualNetworkInherited",
            "ddos_protection_plan_id": null,
            "domain_name_label": null,
            "domain_name_label_scope": null,
            "edge_zone": "",
            "fqdn": null,
            "id": "/subscriptions/122a2e7e-7d1a-4b2d-a26c-0a156dfa583c/resourceGroups/RG-KHKIM/providers/Microsoft.Network/publicIPAddresses/PIP-AGW",
            "idle_timeout_in_minutes": 4,
            "ip_address": "20.214.88.220",
            "ip_tags": null,
            "ip_version": "IPv4",
            "location": "koreacentral",
            "name": "PIP-AGW",
            "public_ip_prefix_id": null,
            "resource_group_name": "RG-KHKIM",
            "reverse_fqdn": null,
            "sku": "Standard",
            "sku_tier": "Regional",
            "tags": {
              "owner": "김교현"
            },
            "timeouts": null,
            "zones": [
              "1",
              "2",
              "3"
            ]
          },
          "sensitive_attributes": [],
          "private": "eyJlMmJmYjczMC1lY2FhLTExZTYtOGY4OC0zNDM2M2JjN2M0YzAiOnsiY3JlYXRlIjoxODAwMDAwMDAwMDAwLCJkZWxldGUiOjE4MDAwMDAwMDAwMDAsInJlYWQiOjMwMDAwMDAwMDAwMCwidXBkYXRlIjoxODAwMDAwMDAwMDAwfX0=",
          "dependencies": [
            "module.RG.azurerm_resource_group.example"
          ]
        }
      ]
    },
    {
      "module": "module.pip[\"PIP-Hub\"]",
      "mode": "managed",
      "type": "azurerm_public_ip",
      "name": "public_ip",
      "provider": "provider[\"registry.terraform.io/hashicorp/azurerm\"]",
      "instances": [
        {
          "schema_version": 0,
          "attributes": {
            "allocation_method": "Static",
            "ddos_protection_mode": "VirtualNetworkInherited",
            "ddos_protection_plan_id": null,
            "domain_name_label": null,
            "domain_name_label_scope": null,
            "edge_zone": "",
            "fqdn": null,
            "id": "/subscriptions/122a2e7e-7d1a-4b2d-a26c-0a156dfa583c/resourceGroups/RG-KHKIM/providers/Microsoft.Network/publicIPAddresses/PIP-Hub",
            "idle_timeout_in_minutes": 4,
            "ip_address": "52.141.44.187",
            "ip_tags": null,
            "ip_version": "IPv4",
            "location": "koreacentral",
            "name": "PIP-Hub",
            "public_ip_prefix_id": null,
            "resource_group_name": "RG-KHKIM",
            "reverse_fqdn": null,
            "sku": "Standard",
            "sku_tier": "Regional",
            "tags": {
              "owner": "김교현"
            },
            "timeouts": null,
            "zones": null
          },
          "sensitive_attributes": [],
          "private": "eyJlMmJmYjczMC1lY2FhLTExZTYtOGY4OC0zNDM2M2JjN2M0YzAiOnsiY3JlYXRlIjoxODAwMDAwMDAwMDAwLCJkZWxldGUiOjE4MDAwMDAwMDAwMDAsInJlYWQiOjMwMDAwMDAwMDAwMCwidXBkYXRlIjoxODAwMDAwMDAwMDAwfX0=",
          "dependencies": [
            "module.RG.azurerm_resource_group.example"
          ]
        }
      ]
    },
    {
      "module": "module.pip[\"PIP-web1\"]",
      "mode": "managed",
      "type": "azurerm_public_ip",
      "name": "public_ip",
      "provider": "provider[\"registry.terraform.io/hashicorp/azurerm\"]",
      "instances": [
        {
          "schema_version": 0,
          "attributes": {
            "allocation_method": "Static",
            "ddos_protection_mode": "VirtualNetworkInherited",
            "ddos_protection_plan_id": null,
            "domain_name_label": null,
            "domain_name_label_scope": null,
            "edge_zone": "",
            "fqdn": null,
            "id": "/subscriptions/122a2e7e-7d1a-4b2d-a26c-0a156dfa583c/resourceGroups/RG-KHKIM/providers/Microsoft.Network/publicIPAddresses/PIP-web1",
            "idle_timeout_in_minutes": 4,
            "ip_address": "4.217.233.157",
            "ip_tags": null,
            "ip_version": "IPv4",
            "location": "koreacentral",
            "name": "PIP-web1",
            "public_ip_prefix_id": null,
            "resource_group_name": "RG-KHKIM",
            "reverse_fqdn": null,
            "sku": "Standard",
            "sku_tier": "Regional",
            "tags": {
              "owner": "김교현"
            },
            "timeouts": null,
            "zones": null
          },
          "sensitive_attributes": [],
          "private": "eyJlMmJmYjczMC1lY2FhLTExZTYtOGY4OC0zNDM2M2JjN2M0YzAiOnsiY3JlYXRlIjoxODAwMDAwMDAwMDAwLCJkZWxldGUiOjE4MDAwMDAwMDAwMDAsInJlYWQiOjMwMDAwMDAwMDAwMCwidXBkYXRlIjoxODAwMDAwMDAwMDAwfX0=",
          "dependencies": [
            "module.RG.azurerm_resource_group.example"
          ]
        }
      ]
    },
    {
      "module": "module.vnet[\"vnet-hub\"]",
      "mode": "managed",
      "type": "azurerm_subnet",
      "name": "example",
      "provider": "provider[\"registry.terraform.io/hashicorp/azurerm\"]",
      "instances": [
        {
          "index_key": "GatewaySubnet",
          "schema_version": 0,
          "attributes": {
            "address_prefixes": [
              "11.0.0.0/26"
            ],
            "default_outbound_access_enabled": true,
            "delegation": [],
            "id": "/subscriptions/122a2e7e-7d1a-4b2d-a26c-0a156dfa583c/resourceGroups/RG-KHKIM/providers/Microsoft.Network/virtualNetworks/vnet-hub/subnets/GatewaySubnet",
            "name": "GatewaySubnet",
            "private_endpoint_network_policies": "Disabled",
            "private_link_service_network_policies_enabled": true,
            "resource_group_name": "RG-KHKIM",
            "service_endpoint_policy_ids": null,
            "service_endpoints": null,
            "timeouts": null,
            "virtual_network_name": "vnet-hub"
          },
          "sensitive_attributes": [],
          "private": "eyJlMmJmYjczMC1lY2FhLTExZTYtOGY4OC0zNDM2M2JjN2M0YzAiOnsiY3JlYXRlIjoxODAwMDAwMDAwMDAwLCJkZWxldGUiOjE4MDAwMDAwMDAwMDAsInJlYWQiOjMwMDAwMDAwMDAwMCwidXBkYXRlIjoxODAwMDAwMDAwMDAwfX0=",
          "dependencies": [
            "module.RG.azurerm_resource_group.example",
            "module.vnet.azurerm_virtual_network.example"
          ]
        },
        {
          "index_key": "vm-subnet",
          "schema_version": 0,
          "attributes": {
            "address_prefixes": [
              "11.0.0.64/28"
            ],
            "default_outbound_access_enabled": true,
            "delegation": [],
            "id": "/subscriptions/122a2e7e-7d1a-4b2d-a26c-0a156dfa583c/resourceGroups/RG-KHKIM/providers/Microsoft.Network/virtualNetworks/vnet-hub/subnets/vm-subnet",
            "name": "vm-subnet",
            "private_endpoint_network_policies": "Disabled",
            "private_link_service_network_policies_enabled": true,
            "resource_group_name": "RG-KHKIM",
            "service_endpoint_policy_ids": null,
            "service_endpoints": null,
            "timeouts": null,
            "virtual_network_name": "vnet-hub"
          },
          "sensitive_attributes": [],
          "private": "eyJlMmJmYjczMC1lY2FhLTExZTYtOGY4OC0zNDM2M2JjN2M0YzAiOnsiY3JlYXRlIjoxODAwMDAwMDAwMDAwLCJkZWxldGUiOjE4MDAwMDAwMDAwMDAsInJlYWQiOjMwMDAwMDAwMDAwMCwidXBkYXRlIjoxODAwMDAwMDAwMDAwfX0=",
          "dependencies": [
            "module.RG.azurerm_resource_group.example",
            "module.vnet.azurerm_virtual_network.example"
          ]
        }
      ]
    },
    {
      "module": "module.vnet[\"vnet-hub\"]",
      "mode": "managed",
      "type": "azurerm_virtual_network",
      "name": "example",
      "provider": "provider[\"registry.terraform.io/hashicorp/azurerm\"]",
      "instances": [
        {
          "schema_version": 0,
          "attributes": {
            "address_space": [
              "11.0.0.0/24"
            ],
            "bgp_community": "",
            "ddos_protection_plan": [],
            "dns_servers": [],
            "edge_zone": "",
            "encryption": [],
            "flow_timeout_in_minutes": 0,
            "guid": "7d13199b-7ea8-4a16-9724-c7935fb313f5",
            "id": "/subscriptions/122a2e7e-7d1a-4b2d-a26c-0a156dfa583c/resourceGroups/RG-KHKIM/providers/Microsoft.Network/virtualNetworks/vnet-hub",
            "ip_address_pool": [],
            "location": "koreacentral",
            "name": "vnet-hub",
            "private_endpoint_vnet_policies": "Disabled",
            "resource_group_name": "RG-KHKIM",
            "subnet": [],
            "tags": {
              "owner": "김교현"
            },
            "timeouts": null
          },
          "sensitive_attributes": [],
          "private": "eyJlMmJmYjczMC1lY2FhLTExZTYtOGY4OC0zNDM2M2JjN2M0YzAiOnsiY3JlYXRlIjoxODAwMDAwMDAwMDAwLCJkZWxldGUiOjE4MDAwMDAwMDAwMDAsInJlYWQiOjMwMDAwMDAwMDAwMCwidXBkYXRlIjoxODAwMDAwMDAwMDAwfX0=",
          "dependencies": [
            "module.RG.azurerm_resource_group.example"
          ]
        }
      ]
    },
    {
      "module": "module.vnet[\"vnet-khkim-hub\"]",
      "mode": "managed",
      "type": "azurerm_subnet",
      "name": "example",
      "provider": "provider[\"registry.terraform.io/hashicorp/azurerm\"]",
      "instances": [
        {
          "index_key": "AzureFirewallSubnet",
          "schema_version": 0,
          "attributes": {
            "address_prefixes": [
              "10.0.0.0/26"
            ],
            "default_outbound_access_enabled": true,
            "delegation": [],
            "id": "/subscriptions/122a2e7e-7d1a-4b2d-a26c-0a156dfa583c/resourceGroups/RG-KHKIM/providers/Microsoft.Network/virtualNetworks/vnet-khkim-hub/subnets/AzureFirewallSubnet",
            "name": "AzureFirewallSubnet",
            "private_endpoint_network_policies": "Disabled",
            "private_link_service_network_policies_enabled": true,
            "resource_group_name": "RG-KHKIM",
            "service_endpoint_policy_ids": null,
            "service_endpoints": null,
            "timeouts": null,
            "virtual_network_name": "vnet-khkim-hub"
          },
          "sensitive_attributes": [],
          "private": "eyJlMmJmYjczMC1lY2FhLTExZTYtOGY4OC0zNDM2M2JjN2M0YzAiOnsiY3JlYXRlIjoxODAwMDAwMDAwMDAwLCJkZWxldGUiOjE4MDAwMDAwMDAwMDAsInJlYWQiOjMwMDAwMDAwMDAwMCwidXBkYXRlIjoxODAwMDAwMDAwMDAwfX0=",
          "dependencies": [
            "module.RG.azurerm_resource_group.example",
            "module.vnet.azurerm_virtual_network.example"
          ]
        },
        {
          "index_key": "agw-subnet",
          "schema_version": 0,
          "attributes": {
            "address_prefixes": [
              "10.0.0.168/29"
            ],
            "default_outbound_access_enabled": true,
            "delegation": [],
            "id": "/subscriptions/122a2e7e-7d1a-4b2d-a26c-0a156dfa583c/resourceGroups/RG-KHKIM/providers/Microsoft.Network/virtualNetworks/vnet-khkim-hub/subnets/agw-subnet",
            "name": "agw-subnet",
            "private_endpoint_network_policies": "Disabled",
            "private_link_service_network_policies_enabled": true,
            "resource_group_name": "RG-KHKIM",
            "service_endpoint_policy_ids": null,
            "service_endpoints": null,
            "timeouts": null,
            "virtual_network_name": "vnet-khkim-hub"
          },
          "sensitive_attributes": [],
          "private": "eyJlMmJmYjczMC1lY2FhLTExZTYtOGY4OC0zNDM2M2JjN2M0YzAiOnsiY3JlYXRlIjoxODAwMDAwMDAwMDAwLCJkZWxldGUiOjE4MDAwMDAwMDAwMDAsInJlYWQiOjMwMDAwMDAwMDAwMCwidXBkYXRlIjoxODAwMDAwMDAwMDAwfX0=",
          "dependencies": [
            "module.RG.azurerm_resource_group.example",
            "module.vnet.azurerm_virtual_network.example"
          ]
        },
        {
          "index_key": "aks-api-subnet",
          "schema_version": 0,
          "attributes": {
            "address_prefixes": [
              "10.0.0.224/27"
            ],
            "default_outbound_access_enabled": true,
            "delegation": [],
            "id": "/subscriptions/122a2e7e-7d1a-4b2d-a26c-0a156dfa583c/resourceGroups/RG-KHKIM/providers/Microsoft.Network/virtualNetworks/vnet-khkim-hub/subnets/aks-api-subnet",
            "name": "aks-api-subnet",
            "private_endpoint_network_policies": "Disabled",
            "private_link_service_network_policies_enabled": true,
            "resource_group_name": "RG-KHKIM",
            "service_endpoint_policy_ids": null,
            "service_endpoints": null,
            "timeouts": null,
            "virtual_network_name": "vnet-khkim-hub"
          },
          "sensitive_attributes": [],
          "private": "eyJlMmJmYjczMC1lY2FhLTExZTYtOGY4OC0zNDM2M2JjN2M0YzAiOnsiY3JlYXRlIjoxODAwMDAwMDAwMDAwLCJkZWxldGUiOjE4MDAwMDAwMDAwMDAsInJlYWQiOjMwMDAwMDAwMDAwMCwidXBkYXRlIjoxODAwMDAwMDAwMDAwfX0=",
          "dependencies": [
            "module.RG.azurerm_resource_group.example",
            "module.vnet.azurerm_virtual_network.example"
          ]
        },
        {
          "index_key": "aks-node-subnet",
          "schema_version": 0,
          "attributes": {
            "address_prefixes": [
              "10.0.0.128/27"
            ],
            "default_outbound_access_enabled": true,
            "delegation": [],
            "id": "/subscriptions/122a2e7e-7d1a-4b2d-a26c-0a156dfa583c/resourceGroups/RG-KHKIM/providers/Microsoft.Network/virtualNetworks/vnet-khkim-hub/subnets/aks-node-subnet",
            "name": "aks-node-subnet",
            "private_endpoint_network_policies": "Disabled",
            "private_link_service_network_policies_enabled": true,
            "resource_group_name": "RG-KHKIM",
            "service_endpoint_policy_ids": null,
            "service_endpoints": null,
            "timeouts": null,
            "virtual_network_name": "vnet-khkim-hub"
          },
          "sensitive_attributes": [],
          "private": "eyJlMmJmYjczMC1lY2FhLTExZTYtOGY4OC0zNDM2M2JjN2M0YzAiOnsiY3JlYXRlIjoxODAwMDAwMDAwMDAwLCJkZWxldGUiOjE4MDAwMDAwMDAwMDAsInJlYWQiOjMwMDAwMDAwMDAwMCwidXBkYXRlIjoxODAwMDAwMDAwMDAwfX0=",
          "dependencies": [
            "module.RG.azurerm_resource_group.example",
            "module.vnet.azurerm_virtual_network.example"
          ]
        },
        {
          "index_key": "backend-subnet",
          "schema_version": 0,
          "attributes": {
            "address_prefixes": [
              "10.0.0.160/29"
            ],
            "default_outbound_access_enabled": true,
            "delegation": [],
            "id": "/subscriptions/122a2e7e-7d1a-4b2d-a26c-0a156dfa583c/resourceGroups/RG-KHKIM/providers/Microsoft.Network/virtualNetworks/vnet-khkim-hub/subnets/backend-subnet",
            "name": "backend-subnet",
            "private_endpoint_network_policies": "Disabled",
            "private_link_service_network_policies_enabled": true,
            "resource_group_name": "RG-KHKIM",
            "service_endpoint_policy_ids": null,
            "service_endpoints": null,
            "timeouts": null,
            "virtual_network_name": "vnet-khkim-hub"
          },
          "sensitive_attributes": [],
          "private": "eyJlMmJmYjczMC1lY2FhLTExZTYtOGY4OC0zNDM2M2JjN2M0YzAiOnsiY3JlYXRlIjoxODAwMDAwMDAwMDAwLCJkZWxldGUiOjE4MDAwMDAwMDAwMDAsInJlYWQiOjMwMDAwMDAwMDAwMCwidXBkYXRlIjoxODAwMDAwMDAwMDAwfX0=",
          "dependencies": [
            "module.RG.azurerm_resource_group.example",
            "module.vnet.azurerm_virtual_network.example"
          ]
        },
        {
          "index_key": "lb-subnet",
          "schema_version": 0,
          "attributes": {
            "address_prefixes": [
              "10.0.0.64/28"
            ],
            "default_outbound_access_enabled": true,
            "delegation": [],
            "id": "/subscriptions/122a2e7e-7d1a-4b2d-a26c-0a156dfa583c/resourceGroups/RG-KHKIM/providers/Microsoft.Network/virtualNetworks/vnet-khkim-hub/subnets/lb-subnet",
            "name": "lb-subnet",
            "private_endpoint_network_policies": "Disabled",
            "private_link_service_network_policies_enabled": true,
            "resource_group_name": "RG-KHKIM",
            "service_endpoint_policy_ids": null,
            "service_endpoints": null,
            "timeouts": null,
            "virtual_network_name": "vnet-khkim-hub"
          },
          "sensitive_attributes": [],
          "private": "eyJlMmJmYjczMC1lY2FhLTExZTYtOGY4OC0zNDM2M2JjN2M0YzAiOnsiY3JlYXRlIjoxODAwMDAwMDAwMDAwLCJkZWxldGUiOjE4MDAwMDAwMDAwMDAsInJlYWQiOjMwMDAwMDAwMDAwMCwidXBkYXRlIjoxODAwMDAwMDAwMDAwfX0=",
          "dependencies": [
            "module.RG.azurerm_resource_group.example",
            "module.vnet.azurerm_virtual_network.example"
          ]
        }
      ]
    },
    {
      "module": "module.vnet[\"vnet-khkim-hub\"]",
      "mode": "managed",
      "type": "azurerm_virtual_network",
      "name": "example",
      "provider": "provider[\"registry.terraform.io/hashicorp/azurerm\"]",
      "instances": [
        {
          "schema_version": 0,
          "attributes": {
            "address_space": [
              "10.0.0.0/24"
            ],
            "bgp_community": "",
            "ddos_protection_plan": [],
            "dns_servers": [],
            "edge_zone": "",
            "encryption": [],
            "flow_timeout_in_minutes": 0,
            "guid": "49585bc0-2404-4369-94ba-f8b57c6ee08a",
            "id": "/subscriptions/122a2e7e-7d1a-4b2d-a26c-0a156dfa583c/resourceGroups/RG-KHKIM/providers/Microsoft.Network/virtualNetworks/vnet-khkim-hub",
            "ip_address_pool": [],
            "location": "koreacentral",
            "name": "vnet-khkim-hub",
            "private_endpoint_vnet_policies": "Disabled",
            "resource_group_name": "RG-KHKIM",
            "subnet": [],
            "tags": {
              "owner": "김교현"
            },
            "timeouts": null
          },
          "sensitive_attributes": [],
          "private": "eyJlMmJmYjczMC1lY2FhLTExZTYtOGY4OC0zNDM2M2JjN2M0YzAiOnsiY3JlYXRlIjoxODAwMDAwMDAwMDAwLCJkZWxldGUiOjE4MDAwMDAwMDAwMDAsInJlYWQiOjMwMDAwMDAwMDAwMCwidXBkYXRlIjoxODAwMDAwMDAwMDAwfX0=",
          "dependencies": [
            "module.RG.azurerm_resource_group.example"
          ]
        }
      ]
    },
    {
      "module": "module.vnet[\"vnet-khkim-spoke\"]",
      "mode": "managed",
      "type": "azurerm_subnet",
      "name": "example",
      "provider": "provider[\"registry.terraform.io/hashicorp/azurerm\"]",
      "instances": [
        {
          "index_key": "AzureFirewallSubnet",
          "schema_version": 0,
          "attributes": {
            "address_prefixes": [
              "12.0.5.0/24"
            ],
            "default_outbound_access_enabled": true,
            "delegation": [],
            "id": "/subscriptions/122a2e7e-7d1a-4b2d-a26c-0a156dfa583c/resourceGroups/RG-KHKIM/providers/Microsoft.Network/virtualNetworks/vnet-khkim-spoke/subnets/AzureFirewallSubnet",
            "name": "AzureFirewallSubnet",
            "private_endpoint_network_policies": "Disabled",
            "private_link_service_network_policies_enabled": true,
            "resource_group_name": "RG-KHKIM",
            "service_endpoint_policy_ids": null,
            "service_endpoints": null,
            "timeouts": null,
            "virtual_network_name": "vnet-khkim-spoke"
          },
          "sensitive_attributes": [],
          "private": "eyJlMmJmYjczMC1lY2FhLTExZTYtOGY4OC0zNDM2M2JjN2M0YzAiOnsiY3JlYXRlIjoxODAwMDAwMDAwMDAwLCJkZWxldGUiOjE4MDAwMDAwMDAwMDAsInJlYWQiOjMwMDAwMDAwMDAwMCwidXBkYXRlIjoxODAwMDAwMDAwMDAwfX0=",
          "dependencies": [
            "module.RG.azurerm_resource_group.example",
            "module.vnet.azurerm_virtual_network.example"
          ]
        },
        {
          "index_key": "aks-cluster-subnet",
          "schema_version": 0,
          "attributes": {
            "address_prefixes": [
              "12.0.2.0/24"
            ],
            "default_outbound_access_enabled": true,
            "delegation": [],
            "id": "/subscriptions/122a2e7e-7d1a-4b2d-a26c-0a156dfa583c/resourceGroups/RG-KHKIM/providers/Microsoft.Network/virtualNetworks/vnet-khkim-spoke/subnets/aks-cluster-subnet",
            "name": "aks-cluster-subnet",
            "private_endpoint_network_policies": "Disabled",
            "private_link_service_network_policies_enabled": true,
            "resource_group_name": "RG-KHKIM",
            "service_endpoint_policy_ids": null,
            "service_endpoints": null,
            "timeouts": null,
            "virtual_network_name": "vnet-khkim-spoke"
          },
          "sensitive_attributes": [],
          "private": "eyJlMmJmYjczMC1lY2FhLTExZTYtOGY4OC0zNDM2M2JjN2M0YzAiOnsiY3JlYXRlIjoxODAwMDAwMDAwMDAwLCJkZWxldGUiOjE4MDAwMDAwMDAwMDAsInJlYWQiOjMwMDAwMDAwMDAwMCwidXBkYXRlIjoxODAwMDAwMDAwMDAwfX0=",
          "dependencies": [
            "module.RG.azurerm_resource_group.example",
            "module.vnet.azurerm_virtual_network.example"
          ]
        },
        {
          "index_key": "aks-lb-subnet",
          "schema_version": 0,
          "attributes": {
            "address_prefixes": [
              "12.0.3.0/24"
            ],
            "default_outbound_access_enabled": true,
            "delegation": [],
            "id": "/subscriptions/122a2e7e-7d1a-4b2d-a26c-0a156dfa583c/resourceGroups/RG-KHKIM/providers/Microsoft.Network/virtualNetworks/vnet-khkim-spoke/subnets/aks-lb-subnet",
            "name": "aks-lb-subnet",
            "private_endpoint_network_policies": "Disabled",
            "private_link_service_network_policies_enabled": true,
            "resource_group_name": "RG-KHKIM",
            "service_endpoint_policy_ids": null,
            "service_endpoints": null,
            "timeouts": null,
            "virtual_network_name": "vnet-khkim-spoke"
          },
          "sensitive_attributes": [],
          "private": "eyJlMmJmYjczMC1lY2FhLTExZTYtOGY4OC0zNDM2M2JjN2M0YzAiOnsiY3JlYXRlIjoxODAwMDAwMDAwMDAwLCJkZWxldGUiOjE4MDAwMDAwMDAwMDAsInJlYWQiOjMwMDAwMDAwMDAwMCwidXBkYXRlIjoxODAwMDAwMDAwMDAwfX0=",
          "dependencies": [
            "module.RG.azurerm_resource_group.example",
            "module.vnet.azurerm_virtual_network.example"
          ]
        },
        {
          "index_key": "test-vm-subnet",
          "schema_version": 0,
          "attributes": {
            "address_prefixes": [
              "12.0.4.0/24"
            ],
            "default_outbound_access_enabled": true,
            "delegation": [],
            "id": "/subscriptions/122a2e7e-7d1a-4b2d-a26c-0a156dfa583c/resourceGroups/RG-KHKIM/providers/Microsoft.Network/virtualNetworks/vnet-khkim-spoke/subnets/test-vm-subnet",
            "name": "test-vm-subnet",
            "private_endpoint_network_policies": "Disabled",
            "private_link_service_network_policies_enabled": true,
            "resource_group_name": "RG-KHKIM",
            "service_endpoint_policy_ids": null,
            "service_endpoints": null,
            "timeouts": null,
            "virtual_network_name": "vnet-khkim-spoke"
          },
          "sensitive_attributes": [],
          "private": "eyJlMmJmYjczMC1lY2FhLTExZTYtOGY4OC0zNDM2M2JjN2M0YzAiOnsiY3JlYXRlIjoxODAwMDAwMDAwMDAwLCJkZWxldGUiOjE4MDAwMDAwMDAwMDAsInJlYWQiOjMwMDAwMDAwMDAwMCwidXBkYXRlIjoxODAwMDAwMDAwMDAwfX0=",
          "dependencies": [
            "module.RG.azurerm_resource_group.example",
            "module.vnet.azurerm_virtual_network.example"
          ]
        }
      ]
    },
    {
      "module": "module.vnet[\"vnet-khkim-spoke\"]",
      "mode": "managed",
      "type": "azurerm_virtual_network",
      "name": "example",
      "provider": "provider[\"registry.terraform.io/hashicorp/azurerm\"]",
      "instances": [
        {
          "schema_version": 0,
          "attributes": {
            "address_space": [
              "12.0.0.0/16"
            ],
            "bgp_community": "",
            "ddos_protection_plan": [],
            "dns_servers": [],
            "edge_zone": "",
            "encryption": [],
            "flow_timeout_in_minutes": 0,
            "guid": "40e90c76-841f-4b1e-8d13-e95d7d85756e",
            "id": "/subscriptions/122a2e7e-7d1a-4b2d-a26c-0a156dfa583c/resourceGroups/RG-KHKIM/providers/Microsoft.Network/virtualNetworks/vnet-khkim-spoke",
            "ip_address_pool": [],
            "location": "koreacentral",
            "name": "vnet-khkim-spoke",
            "private_endpoint_vnet_policies": "Disabled",
            "resource_group_name": "RG-KHKIM",
            "subnet": [],
            "tags": {
              "owner": "김교현"
            },
            "timeouts": null
          },
          "sensitive_attributes": [],
          "private": "eyJlMmJmYjczMC1lY2FhLTExZTYtOGY4OC0zNDM2M2JjN2M0YzAiOnsiY3JlYXRlIjoxODAwMDAwMDAwMDAwLCJkZWxldGUiOjE4MDAwMDAwMDAwMDAsInJlYWQiOjMwMDAwMDAwMDAwMCwidXBkYXRlIjoxODAwMDAwMDAwMDAwfX0=",
          "dependencies": [
            "module.RG.azurerm_resource_group.example"
          ]
        }
      ]
    },
    {
      "module": "module.vnet[\"vnet-spoke\"]",
      "mode": "managed",
      "type": "azurerm_subnet",
      "name": "example",
      "provider": "provider[\"registry.terraform.io/hashicorp/azurerm\"]",
      "instances": [
        {
          "index_key": "vm-subnet",
          "schema_version": 0,
          "attributes": {
            "address_prefixes": [
              "12.0.0.0/28"
            ],
            "default_outbound_access_enabled": true,
            "delegation": [],
            "id": "/subscriptions/122a2e7e-7d1a-4b2d-a26c-0a156dfa583c/resourceGroups/RG-KHKIM/providers/Microsoft.Network/virtualNetworks/vnet-spoke/subnets/vm-subnet",
            "name": "vm-subnet",
            "private_endpoint_network_policies": "Disabled",
            "private_link_service_network_policies_enabled": true,
            "resource_group_name": "RG-KHKIM",
            "service_endpoint_policy_ids": null,
            "service_endpoints": null,
            "timeouts": null,
            "virtual_network_name": "vnet-spoke"
          },
          "sensitive_attributes": [],
          "private": "eyJlMmJmYjczMC1lY2FhLTExZTYtOGY4OC0zNDM2M2JjN2M0YzAiOnsiY3JlYXRlIjoxODAwMDAwMDAwMDAwLCJkZWxldGUiOjE4MDAwMDAwMDAwMDAsInJlYWQiOjMwMDAwMDAwMDAwMCwidXBkYXRlIjoxODAwMDAwMDAwMDAwfX0=",
          "dependencies": [
            "module.RG.azurerm_resource_group.example",
            "module.vnet.azurerm_virtual_network.example"
          ]
        }
      ]
    },
    {
      "module": "module.vnet[\"vnet-spoke\"]",
      "mode": "managed",
      "type": "azurerm_virtual_network",
      "name": "example",
      "provider": "provider[\"registry.terraform.io/hashicorp/azurerm\"]",
      "instances": [
        {
          "schema_version": 0,
          "attributes": {
            "address_space": [
              "12.0.0.0/24"
            ],
            "bgp_community": "",
            "ddos_protection_plan": [],
            "dns_servers": [],
            "edge_zone": "",
            "encryption": [],
            "flow_timeout_in_minutes": 0,
            "guid": "e55ce6c9-1040-4c60-bb20-4e9a915d16d3",
            "id": "/subscriptions/122a2e7e-7d1a-4b2d-a26c-0a156dfa583c/resourceGroups/RG-KHKIM/providers/Microsoft.Network/virtualNetworks/vnet-spoke",
            "ip_address_pool": [],
            "location": "koreacentral",
            "name": "vnet-spoke",
            "private_endpoint_vnet_policies": "Disabled",
            "resource_group_name": "RG-KHKIM",
            "subnet": [],
            "tags": {
              "owner": "김교현"
            },
            "timeouts": null
          },
          "sensitive_attributes": [],
          "private": "eyJlMmJmYjczMC1lY2FhLTExZTYtOGY4OC0zNDM2M2JjN2M0YzAiOnsiY3JlYXRlIjoxODAwMDAwMDAwMDAwLCJkZWxldGUiOjE4MDAwMDAwMDAwMDAsInJlYWQiOjMwMDAwMDAwMDAwMCwidXBkYXRlIjoxODAwMDAwMDAwMDAwfX0=",
          "dependencies": [
            "module.RG.azurerm_resource_group.example"
          ]
        }
      ]
    }
  ],
  "check_results": null
}
