{
  "version": 4,
  "terraform_version": "1.13.0",
  "serial": 2650,
  "lineage": "191e1810-6845-2c66-4954-91ac45fad1c1",
  "outputs": {},
  "resources": [
    {
      "module": "module.NSG[\"nsg-rygus-test\"]",
      "mode": "managed",
      "type": "azurerm_network_security_group",
      "name": "nsg",
      "provider": "provider[\"registry.terraform.io/hashicorp/azurerm\"]",
      "instances": [
        {
          "schema_version": 0,
          "attributes": {
            "id": "/subscriptions/86d6e9f1-1227-4473-98f5-7920e3e02eef/resourceGroups/khkim_rg/providers/Microsoft.Network/networkSecurityGroups/nsg-rygus-test",
            "location": "koreacentral",
            "name": "nsg-rygus-test",
            "resource_group_name": "khkim_rg",
            "security_rule": [
              {
                "access": "Allow",
                "description": "",
                "destination_address_prefix": "*",
                "destination_address_prefixes": [],
                "destination_application_security_group_ids": [],
                "destination_port_range": "*",
                "destination_port_ranges": [],
                "direction": "Inbound",
                "name": "allow-icmp",
                "priority": 500,
                "protocol": "Icmp",
                "source_address_prefix": "",
                "source_address_prefixes": [
                  "1.235.222.130",
                  "218.48.21.223"
                ],
                "source_application_security_group_ids": [],
                "source_port_range": "*",
                "source_port_ranges": []
              },
              {
                "access": "Allow",
                "description": "",
                "destination_address_prefix": "*",
                "destination_address_prefixes": [],
                "destination_application_security_group_ids": [],
                "destination_port_range": "22",
                "destination_port_ranges": [],
                "direction": "Inbound",
                "name": "allow-ssh",
                "priority": 200,
                "protocol": "Tcp",
                "source_address_prefix": "",
                "source_address_prefixes": [
                  "1.235.222.130",
                  "218.48.21.223"
                ],
                "source_application_security_group_ids": [],
                "source_port_range": "*",
                "source_port_ranges": []
              },
              {
                "access": "Allow",
                "description": "",
                "destination_address_prefix": "*",
                "destination_address_prefixes": [],
                "destination_application_security_group_ids": [],
                "destination_port_range": "3000",
                "destination_port_ranges": [],
                "direction": "Inbound",
                "name": "allow-npm",
                "priority": 202,
                "protocol": "Tcp",
                "source_address_prefix": "",
                "source_address_prefixes": [
                  "1.235.222.130",
                  "10.0.5.0/24",
                  "218.48.21.223"
                ],
                "source_application_security_group_ids": [],
                "source_port_range": "*",
                "source_port_ranges": []
              },
              {
                "access": "Allow",
                "description": "",
                "destination_address_prefix": "*",
                "destination_address_prefixes": [],
                "destination_application_security_group_ids": [],
                "destination_port_range": "3389",
                "destination_port_ranges": [],
                "direction": "Inbound",
                "name": "allow-rdp",
                "priority": 100,
                "protocol": "Tcp",
                "source_address_prefix": "",
                "source_address_prefixes": [
                  "1.235.222.130",
                  "218.48.21.223"
                ],
                "source_application_security_group_ids": [],
                "source_port_range": "*",
                "source_port_ranges": []
              },
              {
                "access": "Allow",
                "description": "",
                "destination_address_prefix": "*",
                "destination_address_prefixes": [],
                "destination_application_security_group_ids": [],
                "destination_port_range": "80",
                "destination_port_ranges": [],
                "direction": "Inbound",
                "name": "allow-http",
                "priority": 300,
                "protocol": "Tcp",
                "source_address_prefix": "",
                "source_address_prefixes": [
                  "1.235.222.130",
                  "10.0.5.0/24",
                  "218.48.21.223"
                ],
                "source_application_security_group_ids": [],
                "source_port_range": "*",
                "source_port_ranges": []
              }
            ],
            "tags": {},
            "timeouts": null
          },
          "sensitive_attributes": [],
          "identity_schema_version": 0,
          "identity": {
            "name": "nsg-rygus-test",
            "resource_group_name": "khkim_rg",
            "subscription_id": "86d6e9f1-1227-4473-98f5-7920e3e02eef"
          },
          "private": "eyJlMmJmYjczMC1lY2FhLTExZTYtOGY4OC0zNDM2M2JjN2M0YzAiOnsiY3JlYXRlIjoxODAwMDAwMDAwMDAwLCJkZWxldGUiOjE4MDAwMDAwMDAwMDAsInJlYWQiOjMwMDAwMDAwMDAwMCwidXBkYXRlIjoxODAwMDAwMDAwMDAwfX0=",
          "dependencies": [
            "module.RG.azurerm_resource_group.rg"
          ]
        }
      ]
    },
    {
      "module": "module.NSG[\"nsg-rygus-test\"]",
      "mode": "managed",
      "type": "azurerm_network_security_rule",
      "name": "nsg_rule",
      "provider": "provider[\"registry.terraform.io/hashicorp/azurerm\"]",
      "instances": [
        {
          "index_key": "allow-http",
          "schema_version": 0,
          "attributes": {
            "access": "Allow",
            "description": "",
            "destination_address_prefix": "*",
            "destination_address_prefixes": [],
            "destination_application_security_group_ids": [],
            "destination_port_range": "80",
            "destination_port_ranges": [],
            "direction": "Inbound",
            "id": "/subscriptions/86d6e9f1-1227-4473-98f5-7920e3e02eef/resourceGroups/khkim_rg/providers/Microsoft.Network/networkSecurityGroups/nsg-rygus-test/securityRules/allow-http",
            "name": "allow-http",
            "network_security_group_name": "nsg-rygus-test",
            "priority": 300,
            "protocol": "Tcp",
            "resource_group_name": "khkim_rg",
            "source_address_prefix": "",
            "source_address_prefixes": [
              "1.235.222.130",
              "10.0.5.0/24",
              "218.48.21.223"
            ],
            "source_application_security_group_ids": [],
            "source_port_range": "*",
            "source_port_ranges": [],
            "timeouts": null
          },
          "sensitive_attributes": [],
          "identity_schema_version": 0,
          "identity": {
            "name": "allow-http",
            "network_security_group_name": "nsg-rygus-test",
            "resource_group_name": "khkim_rg",
            "subscription_id": "86d6e9f1-1227-4473-98f5-7920e3e02eef"
          },
          "private": "eyJlMmJmYjczMC1lY2FhLTExZTYtOGY4OC0zNDM2M2JjN2M0YzAiOnsiY3JlYXRlIjoxODAwMDAwMDAwMDAwLCJkZWxldGUiOjE4MDAwMDAwMDAwMDAsInJlYWQiOjMwMDAwMDAwMDAwMCwidXBkYXRlIjoxODAwMDAwMDAwMDAwfX0=",
          "dependencies": [
            "module.NSG.azurerm_network_security_group.nsg",
            "module.RG.azurerm_resource_group.rg"
          ]
        },
        {
          "index_key": "allow-icmp",
          "schema_version": 0,
          "attributes": {
            "access": "Allow",
            "description": "",
            "destination_address_prefix": "*",
            "destination_address_prefixes": [],
            "destination_application_security_group_ids": [],
            "destination_port_range": "*",
            "destination_port_ranges": [],
            "direction": "Inbound",
            "id": "/subscriptions/86d6e9f1-1227-4473-98f5-7920e3e02eef/resourceGroups/khkim_rg/providers/Microsoft.Network/networkSecurityGroups/nsg-rygus-test/securityRules/allow-icmp",
            "name": "allow-icmp",
            "network_security_group_name": "nsg-rygus-test",
            "priority": 500,
            "protocol": "Icmp",
            "resource_group_name": "khkim_rg",
            "source_address_prefix": "",
            "source_address_prefixes": [
              "1.235.222.130",
              "218.48.21.223"
            ],
            "source_application_security_group_ids": [],
            "source_port_range": "*",
            "source_port_ranges": [],
            "timeouts": null
          },
          "sensitive_attributes": [],
          "identity_schema_version": 0,
          "identity": {
            "name": "allow-icmp",
            "network_security_group_name": "nsg-rygus-test",
            "resource_group_name": "khkim_rg",
            "subscription_id": "86d6e9f1-1227-4473-98f5-7920e3e02eef"
          },
          "private": "eyJlMmJmYjczMC1lY2FhLTExZTYtOGY4OC0zNDM2M2JjN2M0YzAiOnsiY3JlYXRlIjoxODAwMDAwMDAwMDAwLCJkZWxldGUiOjE4MDAwMDAwMDAwMDAsInJlYWQiOjMwMDAwMDAwMDAwMCwidXBkYXRlIjoxODAwMDAwMDAwMDAwfX0=",
          "dependencies": [
            "module.NSG.azurerm_network_security_group.nsg",
            "module.RG.azurerm_resource_group.rg"
          ]
        },
        {
          "index_key": "allow-npm",
          "schema_version": 0,
          "attributes": {
            "access": "Allow",
            "description": "",
            "destination_address_prefix": "*",
            "destination_address_prefixes": [],
            "destination_application_security_group_ids": [],
            "destination_port_range": "3000",
            "destination_port_ranges": [],
            "direction": "Inbound",
            "id": "/subscriptions/86d6e9f1-1227-4473-98f5-7920e3e02eef/resourceGroups/khkim_rg/providers/Microsoft.Network/networkSecurityGroups/nsg-rygus-test/securityRules/allow-npm",
            "name": "allow-npm",
            "network_security_group_name": "nsg-rygus-test",
            "priority": 202,
            "protocol": "Tcp",
            "resource_group_name": "khkim_rg",
            "source_address_prefix": "",
            "source_address_prefixes": [
              "1.235.222.130",
              "10.0.5.0/24",
              "218.48.21.223"
            ],
            "source_application_security_group_ids": [],
            "source_port_range": "*",
            "source_port_ranges": [],
            "timeouts": null
          },
          "sensitive_attributes": [],
          "identity_schema_version": 0,
          "identity": {
            "name": "allow-npm",
            "network_security_group_name": "nsg-rygus-test",
            "resource_group_name": "khkim_rg",
            "subscription_id": "86d6e9f1-1227-4473-98f5-7920e3e02eef"
          },
          "private": "eyJlMmJmYjczMC1lY2FhLTExZTYtOGY4OC0zNDM2M2JjN2M0YzAiOnsiY3JlYXRlIjoxODAwMDAwMDAwMDAwLCJkZWxldGUiOjE4MDAwMDAwMDAwMDAsInJlYWQiOjMwMDAwMDAwMDAwMCwidXBkYXRlIjoxODAwMDAwMDAwMDAwfX0=",
          "dependencies": [
            "module.NSG.azurerm_network_security_group.nsg",
            "module.RG.azurerm_resource_group.rg"
          ]
        },
        {
          "index_key": "allow-rdp",
          "schema_version": 0,
          "attributes": {
            "access": "Allow",
            "description": "",
            "destination_address_prefix": "*",
            "destination_address_prefixes": [],
            "destination_application_security_group_ids": [],
            "destination_port_range": "3389",
            "destination_port_ranges": [],
            "direction": "Inbound",
            "id": "/subscriptions/86d6e9f1-1227-4473-98f5-7920e3e02eef/resourceGroups/khkim_rg/providers/Microsoft.Network/networkSecurityGroups/nsg-rygus-test/securityRules/allow-rdp",
            "name": "allow-rdp",
            "network_security_group_name": "nsg-rygus-test",
            "priority": 100,
            "protocol": "Tcp",
            "resource_group_name": "khkim_rg",
            "source_address_prefix": "",
            "source_address_prefixes": [
              "1.235.222.130",
              "218.48.21.223"
            ],
            "source_application_security_group_ids": [],
            "source_port_range": "*",
            "source_port_ranges": [],
            "timeouts": null
          },
          "sensitive_attributes": [],
          "identity_schema_version": 0,
          "identity": {
            "name": "allow-rdp",
            "network_security_group_name": "nsg-rygus-test",
            "resource_group_name": "khkim_rg",
            "subscription_id": "86d6e9f1-1227-4473-98f5-7920e3e02eef"
          },
          "private": "eyJlMmJmYjczMC1lY2FhLTExZTYtOGY4OC0zNDM2M2JjN2M0YzAiOnsiY3JlYXRlIjoxODAwMDAwMDAwMDAwLCJkZWxldGUiOjE4MDAwMDAwMDAwMDAsInJlYWQiOjMwMDAwMDAwMDAwMCwidXBkYXRlIjoxODAwMDAwMDAwMDAwfX0=",
          "dependencies": [
            "module.NSG.azurerm_network_security_group.nsg",
            "module.RG.azurerm_resource_group.rg"
          ]
        },
        {
          "index_key": "allow-ssh",
          "schema_version": 0,
          "attributes": {
            "access": "Allow",
            "description": "",
            "destination_address_prefix": "*",
            "destination_address_prefixes": [],
            "destination_application_security_group_ids": [],
            "destination_port_range": "22",
            "destination_port_ranges": [],
            "direction": "Inbound",
            "id": "/subscriptions/86d6e9f1-1227-4473-98f5-7920e3e02eef/resourceGroups/khkim_rg/providers/Microsoft.Network/networkSecurityGroups/nsg-rygus-test/securityRules/allow-ssh",
            "name": "allow-ssh",
            "network_security_group_name": "nsg-rygus-test",
            "priority": 200,
            "protocol": "Tcp",
            "resource_group_name": "khkim_rg",
            "source_address_prefix": "",
            "source_address_prefixes": [
              "1.235.222.130",
              "218.48.21.223"
            ],
            "source_application_security_group_ids": [],
            "source_port_range": "*",
            "source_port_ranges": [],
            "timeouts": null
          },
          "sensitive_attributes": [],
          "identity_schema_version": 0,
          "identity": {
            "name": "allow-ssh",
            "network_security_group_name": "nsg-rygus-test",
            "resource_group_name": "khkim_rg",
            "subscription_id": "86d6e9f1-1227-4473-98f5-7920e3e02eef"
          },
          "private": "eyJlMmJmYjczMC1lY2FhLTExZTYtOGY4OC0zNDM2M2JjN2M0YzAiOnsiY3JlYXRlIjoxODAwMDAwMDAwMDAwLCJkZWxldGUiOjE4MDAwMDAwMDAwMDAsInJlYWQiOjMwMDAwMDAwMDAwMCwidXBkYXRlIjoxODAwMDAwMDAwMDAwfX0=",
          "dependencies": [
            "module.NSG.azurerm_network_security_group.nsg",
            "module.RG.azurerm_resource_group.rg"
          ]
        }
      ]
    },
    {
      "module": "module.RG[\"khkim_rg\"]",
      "mode": "managed",
      "type": "azurerm_resource_group",
      "name": "rg",
      "provider": "provider[\"registry.terraform.io/hashicorp/azurerm\"]",
      "instances": [
        {
          "schema_version": 0,
          "attributes": {
            "id": "/subscriptions/86d6e9f1-1227-4473-98f5-7920e3e02eef/resourceGroups/khkim_rg",
            "location": "koreacentral",
            "managed_by": "",
            "name": "khkim_rg",
            "tags": {
              "사용자": "김교현",
              "용도": "테스트"
            },
            "timeouts": null
          },
          "sensitive_attributes": [],
          "identity_schema_version": 0,
          "identity": {
            "name": "khkim_rg",
            "subscription_id": "86d6e9f1-1227-4473-98f5-7920e3e02eef"
          },
          "private": "eyJlMmJmYjczMC1lY2FhLTExZTYtOGY4OC0zNDM2M2JjN2M0YzAiOnsiY3JlYXRlIjo1NDAwMDAwMDAwMDAwLCJkZWxldGUiOjU0MDAwMDAwMDAwMDAsInJlYWQiOjMwMDAwMDAwMDAwMCwidXBkYXRlIjo1NDAwMDAwMDAwMDAwfX0="
        }
      ]
    },
    {
      "module": "module.UDR[\"aks-node-udr\"]",
      "mode": "managed",
      "type": "azurerm_route",
      "name": "route",
      "provider": "provider[\"registry.terraform.io/hashicorp/azurerm\"]",
      "instances": [
        {
          "index_key": "udr-aks-to-fw",
          "schema_version": 0,
          "attributes": {
            "address_prefix": "0.0.0.0/0",
            "id": "/subscriptions/86d6e9f1-1227-4473-98f5-7920e3e02eef/resourceGroups/KHKIM_RG/providers/Microsoft.Network/routeTables/aks-node-udr/routes/udr-aks-to-fw",
            "name": "udr-aks-to-fw",
            "next_hop_in_ip_address": "10.0.0.4",
            "next_hop_type": "VirtualAppliance",
            "resource_group_name": "KHKIM_RG",
            "route_table_name": "aks-node-udr",
            "timeouts": null
          },
          "sensitive_attributes": [],
          "identity_schema_version": 0,
          "identity": {
            "name": "udr-aks-to-fw",
            "resource_group_name": "KHKIM_RG",
            "route_table_name": "aks-node-udr",
            "subscription_id": "86d6e9f1-1227-4473-98f5-7920e3e02eef"
          },
          "private": "eyJlMmJmYjczMC1lY2FhLTExZTYtOGY4OC0zNDM2M2JjN2M0YzAiOnsiY3JlYXRlIjoxODAwMDAwMDAwMDAwLCJkZWxldGUiOjE4MDAwMDAwMDAwMDAsInJlYWQiOjMwMDAwMDAwMDAwMCwidXBkYXRlIjoxODAwMDAwMDAwMDAwfX0=",
          "dependencies": [
            "module.RG.azurerm_resource_group.rg",
            "module.UDR.azurerm_route_table.udr"
          ]
        }
      ]
    },
    {
      "module": "module.UDR[\"aks-node-udr\"]",
      "mode": "managed",
      "type": "azurerm_route_table",
      "name": "udr",
      "provider": "provider[\"registry.terraform.io/hashicorp/azurerm\"]",
      "instances": [
        {
          "schema_version": 0,
          "attributes": {
            "bgp_route_propagation_enabled": true,
            "id": "/subscriptions/86d6e9f1-1227-4473-98f5-7920e3e02eef/resourceGroups/KHKIM_RG/providers/Microsoft.Network/routeTables/aks-node-udr",
            "location": "koreacentral",
            "name": "aks-node-udr",
            "resource_group_name": "KHKIM_RG",
            "route": [
              {
                "address_prefix": "0.0.0.0/0",
                "name": "udr-aks-to-fw",
                "next_hop_in_ip_address": "10.0.0.4",
                "next_hop_type": "VirtualAppliance"
              }
            ],
            "subnets": [],
            "tags": {},
            "timeouts": null
          },
          "sensitive_attributes": [],
          "identity_schema_version": 0,
          "identity": {
            "name": "aks-node-udr",
            "resource_group_name": "KHKIM_RG",
            "subscription_id": "86d6e9f1-1227-4473-98f5-7920e3e02eef"
          },
          "private": "eyJlMmJmYjczMC1lY2FhLTExZTYtOGY4OC0zNDM2M2JjN2M0YzAiOnsiY3JlYXRlIjoxODAwMDAwMDAwMDAwLCJkZWxldGUiOjE4MDAwMDAwMDAwMDAsInJlYWQiOjMwMDAwMDAwMDAwMCwidXBkYXRlIjoxODAwMDAwMDAwMDAwfX0=",
          "dependencies": [
            "module.RG.azurerm_resource_group.rg"
          ]
        }
      ]
    },
    {
      "module": "module.aks[\"khkim-ak2\"]",
      "mode": "managed",
      "type": "azurerm_kubernetes_cluster",
      "name": "aks",
      "provider": "provider[\"registry.terraform.io/hashicorp/azurerm\"]",
      "instances": [
        {
          "schema_version": 2,
          "attributes": {
            "aci_connector_linux": [],
            "ai_toolchain_operator_enabled": false,
            "api_server_access_profile": [],
            "auto_scaler_profile": [
              {
                "balance_similar_node_groups": false,
                "daemonset_eviction_for_empty_nodes_enabled": false,
                "daemonset_eviction_for_occupied_nodes_enabled": true,
                "empty_bulk_delete_max": "10",
                "expander": "random",
                "ignore_daemonsets_utilization_enabled": false,
                "max_graceful_termination_sec": "600",
                "max_node_provisioning_time": "15m",
                "max_unready_nodes": 3,
                "max_unready_percentage": 45,
                "new_pod_scale_up_delay": "0s",
                "scale_down_delay_after_add": "10m",
                "scale_down_delay_after_delete": "10s",
                "scale_down_delay_after_failure": "3m",
                "scale_down_unneeded": "10m",
                "scale_down_unready": "20m",
                "scale_down_utilization_threshold": "0.5",
                "scan_interval": "10s",
                "skip_nodes_with_local_storage": false,
                "skip_nodes_with_system_pods": true
              }
            ],
            "automatic_upgrade_channel": "",
            "azure_active_directory_role_based_access_control": [],
            "azure_policy_enabled": null,
            "bootstrap_profile": [
              {
                "artifact_source": "Direct",
                "container_registry_id": ""
              }
            ],
            "confidential_computing": [],
            "cost_analysis_enabled": false,
            "current_kubernetes_version": "1.34.1",
            "custom_ca_trust_certificates_base64": [],
            "default_node_pool": [
              {
                "auto_scaling_enabled": false,
                "capacity_reservation_group_id": "",
                "fips_enabled": false,
                "gpu_driver": "",
                "gpu_instance": "",
                "host_encryption_enabled": false,
                "host_group_id": "",
                "kubelet_config": [],
                "kubelet_disk_type": "OS",
                "linux_os_config": [],
                "max_count": 0,
                "max_pods": 250,
                "min_count": 0,
                "name": "systempool1",
                "node_count": 1,
                "node_labels": {
                  "node.kubernetes.io/role": "system"
                },
                "node_network_profile": [],
                "node_public_ip_enabled": false,
                "node_public_ip_prefix_id": "",
                "only_critical_addons_enabled": true,
                "orchestrator_version": "1.34",
                "os_disk_size_gb": 128,
                "os_disk_type": "Managed",
                "os_sku": "Ubuntu",
                "pod_subnet_id": "",
                "proximity_placement_group_id": "",
                "scale_down_mode": "Delete",
                "snapshot_id": "",
                "tags": {},
                "temporary_name_for_rotation": "",
                "type": "VirtualMachineScaleSets",
                "ultra_ssd_enabled": false,
                "upgrade_settings": [
                  {
                    "drain_timeout_in_minutes": 0,
                    "max_surge": "10%",
                    "node_soak_duration_in_minutes": 0,
                    "undrainable_node_behavior": ""
                  }
                ],
                "vm_size": "Standard_D2ds_v5",
                "vnet_subnet_id": "/subscriptions/86d6e9f1-1227-4473-98f5-7920e3e02eef/resourceGroups/khkim_rg/providers/Microsoft.Network/virtualNetworks/Hub-vnet/subnets/aks-node-subnet",
                "workload_runtime": "",
                "zones": []
              }
            ],
            "disk_encryption_set_id": "",
            "dns_prefix": "khkim-aks",
            "dns_prefix_private_cluster": "",
            "edge_zone": "",
            "fqdn": "khkim-aks-897pek7k.hcp.koreacentral.azmk8s.io",
            "http_application_routing_enabled": null,
            "http_application_routing_zone_name": null,
            "http_proxy_config": [],
            "id": "/subscriptions/86d6e9f1-1227-4473-98f5-7920e3e02eef/resourceGroups/khkim_rg/providers/Microsoft.ContainerService/managedClusters/khkim-ak2",
            "identity": [
              {
                "identity_ids": [],
                "principal_id": "af60e403-9ecd-482f-a37d-7be8c7367c75",
                "tenant_id": "9ab80bfb-f6a5-4b78-9a6f-dd037dc0e745",
                "type": "SystemAssigned"
              }
            ],
            "image_cleaner_enabled": null,
            "image_cleaner_interval_hours": null,
            "ingress_application_gateway": [],
            "key_management_service": [],
            "key_vault_secrets_provider": [],
            "kube_admin_config": [],
            "kube_admin_config_raw": "",
            "kube_config": [
              {
                "client_certificate": "LS0tLS1CRUdJTiBDRVJUSUZJQ0FURS0tLS0tCk1JSUZIakNDQXdhZ0F3SUJBZ0lSQUlnb0VlTE1YcmZJYmgxZTRPdVYvd2d3RFFZSktvWklodmNOQVFFTEJRQXcKRFRFTE1Ba0dBMVVFQXhNQ1kyRXdIaGNOTWpVeE1qRXlNRFl5TVRFM1doY05NamN4TWpFeU1EWXpNVEUzV2pBdwpNUmN3RlFZRFZRUUtFdzV6ZVhOMFpXMDZiV0Z6ZEdWeWN6RVZNQk1HQTFVRUF4TU1iV0Z6ZEdWeVkyeHBaVzUwCk1JSUNJakFOQmdrcWhraUc5dzBCQVFFRkFBT0NBZzhBTUlJQ0NnS0NBZ0VBdWpxN2RXcVJsU044Sm5TSlU3YksKRWE3UFljeU1uYVc3Z1V0Q0FkMlFVNWJ5NXVQM25DOXMwRCszR2N2bGVIVThxRWlJNkVmcERlUkhhVlk5UjFZeQpZRGtsNjMyeVVpSVkybFFjV2tnTjJ0SlY2R3IvZHNKRWNjSzBFLzVvWkIzRHlqVlhYMmd1aSs4cjBsc1QvNUdnCjZ6b1JDTmRSYkJjdXczWDBJdmhWN1Q5bzRrWGZISGpUb0t6T0d0WHc3MmRDMVg5UHFGY0h2bVplanF6UnpiUEoKaE1OZ0FiTVI0R25zZE44K291RWw1MWdDU3JwQTFmNVdDWnplMTRkVXVOMHh2UXBWbGp6ZGlXK1lkOUhLU285UQpUK0gzZzNFL0VJclR6QitDTGZiNGFHUGtmUy9VNDJIZkJsbHJZRURVeE50LytIV0hGYlNFM0lDYlhxWUdrTWg1CmRTbTBldUJDTzhNUzhCbTJoZmNqeUVTQVpJOTAzS09wVlNRV3hHSXNQdnJ2bjBMQnBPTDZXUTZtZmRIUWFDMFAKdlZsN0JrVDFjSHlRd0t6b2ZJREJtT0lidVlJYWlOUTJZdUd2NVhJcldoSUFITi9iTWpBODR0akdRNDZOS0hNdgpCeFFrNmtZZjh4R3o4TmNlU2ZvU0NpVlZKd0pPMzgyYXBqS0l0OXNWSE1zaVRBMFc4QzdpUlpiUzZCOTZtRlNECmM4NFF5MUR5SzBZRHdkS0VRdXduR0FXWlFvM1d1WTZoUzVUV2g0Y0w4SUsxM09vS3pkT25FS2xuSElDWWswdzAKSHcvZ09tQ1JCakpxNTFZY0F3VSsrVlcxblNzby9KZU9hOTVObWpzL1J5MnVmS3ZPNFFIL2xaOTZXRTJsZnN2LwplR2p6WC9YZ2IvYS9raFU5cTl4dGxYOENBd0VBQWFOV01GUXdEZ1lEVlIwUEFRSC9CQVFEQWdXZ01CTUdBMVVkCkpRUU1NQW9HQ0NzR0FRVUZCd01DTUF3R0ExVWRFd0VCL3dRQ01BQXdId1lEVlIwakJCZ3dGb0FVRzhJK2pCYXIKSlhMVW15THNkcWhiWHVuQVV1Z3dEUVlKS29aSWh2Y05BUUVMQlFBRGdnSUJBRnJFY2Z6djk5YzJJZmlpeEo3TQpyYkhhQnd0SW1TZEhkVnBKdTV4NVlMR3I2WVhHUHN3bXl3cDJrb0pkaGJ4SksxeStmSjhXbk5MTFoyOFJ6OVhyCkh3TVI2MDhLVEwrME5rblBjZGdIUE91UGdLclpTUkJqM0ZtK25GeGhkRWd2Qzd4TFVabHZRb2xJcVFURDFjMzYKNU1VN0xvQnM5UjVybkVpelBJNHUvb2RhS0pTOVhxVy9JeEZoRjlxMGRBNmZldE9jMTcxNnM1RFlnSHRiaE9sbgpZZE9RYzR3aGwzMURjaU9SMThYTXJNSDE1c1YxM0licERWK2RvbUpnNGEwdkNsYlFKSjlMSy9pby9OUmZCeXFJCjVxTDlkTFU2RENYZmJwa2x6VUJMQTZOSEF2ejJKcGhMd3o4MTN6cmNJK2gwRlFoazN1VHhnQ1JYb1U2OE9UNnAKdkFGOTIxRk1mUTVwR0o3QlZ5aTNKcE03R2s4QTZ3TER5b0g3VTJLdGZMc2ZTQllCM09wS2UrRG1yZDhCVTJVawpvVjRDb08yTU84L1h1Y0V2b0RIRW1sU0tWWHE5bXplTkR4ejM5dlYwSXZGQUdwZkRIOHh5dmRsOUc2YldlM3pyCkZHdEZPNU9OUW44L2ZtdTNIZ3RwODR5b29LUDZYZnc4Z1FpRTBnNGJyTmxaeE45RHE4Q1lCejVCN0s4UWJCREsKblJYTGFXRXhUalc1Slo2b1ltMXF6bWJmUDlmWlNLbk5UazFoTVlyM1hweUNOeS91eEE3VENFYjdHd2FIbXgxLwpFc0Era0x0cmVpZFRDSGpNS09NUEpSd2JWL0FNUzdYQjNYOXFyQjJLVFdUUVJ3NFlvYzI3OU02K3ByREswNC9kCmdQWVFpbXJ5azI2ZVptdExieWowV0JhQQotLS0tLUVORCBDRVJUSUZJQ0FURS0tLS0tCg==",
                "client_key": "LS0tLS1CRUdJTiBSU0EgUFJJVkFURSBLRVktLS0tLQpNSUlKSndJQkFBS0NBZ0VBdWpxN2RXcVJsU044Sm5TSlU3YktFYTdQWWN5TW5hVzdnVXRDQWQyUVU1Ynk1dVAzCm5DOXMwRCszR2N2bGVIVThxRWlJNkVmcERlUkhhVlk5UjFZeVlEa2w2MzJ5VWlJWTJsUWNXa2dOMnRKVjZHci8KZHNKRWNjSzBFLzVvWkIzRHlqVlhYMmd1aSs4cjBsc1QvNUdnNnpvUkNOZFJiQmN1dzNYMEl2aFY3VDlvNGtYZgpISGpUb0t6T0d0WHc3MmRDMVg5UHFGY0h2bVplanF6UnpiUEpoTU5nQWJNUjRHbnNkTjgrb3VFbDUxZ0NTcnBBCjFmNVdDWnplMTRkVXVOMHh2UXBWbGp6ZGlXK1lkOUhLU285UVQrSDNnM0UvRUlyVHpCK0NMZmI0YUdQa2ZTL1UKNDJIZkJsbHJZRURVeE50LytIV0hGYlNFM0lDYlhxWUdrTWg1ZFNtMGV1QkNPOE1TOEJtMmhmY2p5RVNBWkk5MAozS09wVlNRV3hHSXNQdnJ2bjBMQnBPTDZXUTZtZmRIUWFDMFB2Vmw3QmtUMWNIeVF3S3pvZklEQm1PSWJ1WUlhCmlOUTJZdUd2NVhJcldoSUFITi9iTWpBODR0akdRNDZOS0hNdkJ4UWs2a1lmOHhHejhOY2VTZm9TQ2lWVkp3Sk8KMzgyYXBqS0l0OXNWSE1zaVRBMFc4QzdpUlpiUzZCOTZtRlNEYzg0UXkxRHlLMFlEd2RLRVF1d25HQVdaUW8zVwp1WTZoUzVUV2g0Y0w4SUsxM09vS3pkT25FS2xuSElDWWswdzBIdy9nT21DUkJqSnE1MVljQXdVKytWVzFuU3NvCi9KZU9hOTVObWpzL1J5MnVmS3ZPNFFIL2xaOTZXRTJsZnN2L2VHanpYL1hnYi9hL2toVTlxOXh0bFg4Q0F3RUEKQVFLQ0FnQVhCVXVjVXNyTVNpYXBXa2swMy81UCsvRmNLdWVocXBXOTFkL0MrMFhzRDFlQ0tJd044bzdibWdTNApXNkZ5SitFOUFZL0FVYU5ZT1pxRThFbUM3VlRYaFk1UHlLbjlIUzgvK0pzZCtKVG9oK0poYUszMld1MWx0L3ZWClo0MktxQTN4Tm5GNzN4VU1sMG1EZkxRVzA1bTJKT2RyZ0YwVnBOMVRBWWNSdGtFVG90TUVVRDdVUzRZSVJxbWUKWFBQN3BDTE80WDM4cS9BanlUa2NkS0NRSFE2OEtxcWppeVNhazlMTVg3Y09kaEUwRjkwRi84ck9xVElFTTRWdAoxSHpVblZpWXF4TzBEcklVQmR6WWN2RTBFUGlNa2hKV3Nwa1R6UldCYTNrRzFaQy9nVzhDbi9jTHVmMTlKaHRGCk9yNW4xMCsvd1p6V2wxOXFkK1lTUFNrZFIxV1Jhc1N0KzlFUXRzRzF6Sk5LTFlGL0IrczRJZVV5SEpjbGZGUncKWnZpRTFmZXJ5NmRFLzNqVDRSdVQ0dDZxZTN0UlppTG96UldKSFZNTEVnMVpxODEwSzhEOG05U1BDeHZrbHN1MAozb0x4elZTa3pWWWxScTd4TFBEU2FyRjFrTFQ0THloZGIvcDlIQjErbVFDc28wVkxGazM3dTFlWFRMVkUvMXV6CnFOZFUvTm01NWFhVUFHNGJXLzMxcFBBbi8xaWlNUWJYQlhZaDZOQ29jWVk4QlZYWmZ1eDMvRTh2L1hnMld2cUkKWGNzbzdHbHBSWURBQWh6dGlNS054ak1vSW9JamNuVXNHdVpLSDczV1Q2Uk03Mm1sYkl1UkRPUGwwWG55ZFdNcQpPU2ZYZ096eTVvdmZrWmlTcVdUcWlqUkdza1M0VS9DUWhaNHA0ZXdBVzg2QThOcmlnUUtDQVFFQTVXc1ZjeDJjClc0SGlTSXFVY2hwRmM5UmJxU283dHVJN2REcjFHQVp5VS93Q1o5UEluL3hBa1RNTWx4UHBiQmVYMzN1OEtaZkwKN0VaTkhNRzlqd3FVYkVEY1VLOEtYT3F2WUsyOWVVendRaGhzaHFRdmk0TUFXRHB0akRjUWFRaVk1U0pLLzFPRgpZdy9VbDZiSitRaFBZd2tML21kNlR1RTNJUzF1c21yUnlYVGxLaHVnTEN3c3NxWHZuQnBOa3lodStIUkkvNUE4Cm5ycHAvZ2M2eU54Z1RUT1ZNeFhPYTFIVDY4d3VHSm96WUd1QXlOemdHV285aDV1T1k4Nzdad2pkR2dKMWJ1NjAKNnM5U1g4eENzUW9MRzdwaUFOMXJiVkIwaFk1Z0paV2VrNWcwSVJGSm0rb3h0ajNSUlF6OXZvNC8xa0NEbFNMcApwbEp6OU1XeDJYeEhFd0tDQVFFQXo4NlkwQm55UGw1RUkzY1FWZndqVEF6d1lwVi9xdTBmZWNpSUpVdFlsTnhNCnNvMmJxMkh0MytRSVNIbXI3ODV5OUkxbFBhRmRoWFVwYXFQRFg3V3JoWWl4ZWE3bWRmQmR6Z1NuRHpTRjhzR0kKZ3l1aTJWZmpUbTNiaXpyenZLRXRnV2V1TGtlTWU3OFM4UjlaSGZibjVXY0JtL3Uwa2JWVnozQkJ4TGNyaHdiWgpBS0RYeTEzQVF1N21PRjFhOHppVys4QlNFT3k4K0VUcjVwQW5TYWgxVmgrRW9TUk0vZmxsTUlNVXZvM1hCR0wwCldTY0RZS3pvM0lhV2JsUFhsdnVMSUdhcG83SldlMjY2eXdBazB6MkttTlZqTFZkSFdNT24vVG1YNTVhWCtpMlcKb1Z6VVVabzZPTFpybHpZTmtlSjZCdCtNb3EySHFPTmE0Mzc5Tzk2cFpRS0NBUUFOaEFxR2RxY2dpUDFnMHJFKwpLNmdOMCtQMmltTnNPZFhRMml4WVZ3RGpTOFNFZzJpZGJFb05nOWxwQ1NaR1ZQbUFsQlNZeXJXYjNPUnNIa25oCnBIanNDOEl2Q3JEc21uTHNtaS9BZHJUczMrMTgzUzFqNWJyZWQ4cSthUHdSaEEwbDZxaEtkSXcyTXRlT2U2Z0kKZ09IVWJ0TURFT3VXdkJQNFkyblRIeEh1OFhFUzB2L1R1bUtEdjl6bThISERpcTFHKytyVkM1VldzSnJQK1hNUQpKRk9VR01iZ2RKZHRvU3VBQjg1cmFxSStPdmNpWGtqaGxtMjdrSUdLQmNhdjRrak1ZSHEwcDJHSE4rR2RmVFlzCm9lL1htVnB1dkp5NG12WFNiSG5qblBYenNoTFlJK0dYU3V2VTFiMS9lTzEyRFlGYlNQKzNpSkFGV1hRMVpuUTgKNE9KN0FvSUJBQ2YzRjdTT0NPU3R4SFQ5cFFxa1h6VjFGNVllSWx1QkZ4aVkxSFkzczJXTnFNSitNWDRZYTJNdgp1OWdVYmxqRVg1OWd3aVBFTVBSRndCMWVPV2ppeTRYMjhBcnk5Q2VpZnFmc2hTU0xlV2RpaVJxUS9kVEc3bFJiCkZHb0dnSEc2bmNIUmF0SkR1R1RrTG9Sby92NmdTYUQ0Mm5waFFpenpydmtpSWNQdlpsT2xvWDVaY0tjUDlMWHEKdENRSzhEN3VsenI3bGN6amVzUlVuUG5PcDMrbkFrbjU3Y3YvNno2OUJCVDhZTFQxR25FaGh0VE9oL3ZEeFZVRQpIVkpDbGFmWDRMM3VnSm1XNXNMK1hMWkY1TThyZXNoQjRiMEttQkllTHVTb2V1cHpMKzlSYlRMRFk2SCtBMHg4CjZOdy83UVF0aGtKa0krdjFhNjJ6YS90c3BNOHExM0VDZ2dFQWZxTHgzYmFNUTltSHJyQ0ZDM3BiUVgxZ0pGaU0KMWVtWmV0bUdpQ2h3SFVMcHJ6YlJ3eTZJSUFBclJ2Y0ppYzM2ZW5yU29hSE5FZ2tLZXJFSnFHTjQvV3RER0JSMAp4T0RWbDBjNFF2TDV0OE9JbGZBcWlBMVg5QkxoSjdMWFZLNXBzSGtnWmx2RXZKWnlOdnE3UEVvU3hLWGJxL25xClRua25TZDJxdTJkbURPODRpanpydWNPTm1yVWlKbTZLZzlxL2puQ0NKM3piRkVNYmZJTGVXaTFld1l1NWNtdmYKMGJJK3l1K0YxcndUQldXazdkc3F6WENUSDZrN2pObkhOZjY5TGxMYTJ1VlBWbTZWYUJiZTY0cm1Ocy9veXVwdgpwMDlROWtZVHNxSlFpOXNxM2g1cU5XRVk5RkQzRm80cEk1enNlaHM1ODFTcURwZHp2eWNrN0o2ZEh3PT0KLS0tLS1FTkQgUlNBIFBSSVZBVEUgS0VZLS0tLS0K",
                "cluster_ca_certificate": "LS0tLS1CRUdJTiBDRVJUSUZJQ0FURS0tLS0tCk1JSUU2VENDQXRHZ0F3SUJBZ0lSQUpOdEVzcy8waldqNEVyMSsybm04ZnN3RFFZSktvWklodmNOQVFFTEJRQXcKRFRFTE1Ba0dBMVVFQXhNQ1kyRXdJQmNOTWpVeE1qRXlNRFl5TVRFM1doZ1BNakExTlRFeU1USXdOak14TVRkYQpNQTB4Q3pBSkJnTlZCQU1UQW1OaE1JSUNJakFOQmdrcWhraUc5dzBCQVFFRkFBT0NBZzhBTUlJQ0NnS0NBZ0VBCnpFQzcwV3hNcUxSU0hJdHZlQ2ZNMk45V0VjRUdiQnE3dmZTbExSTGZNU09nTGFnYkJ0T3hKUlgxSHJuYTNXRXMKNDZyUXlSZzhkVlZCK3UwWXdNUmhkUEg2ZzhETHB3dUtjdHNqVFNhemdCOWg2Unc0TlY4c1ZoSml5Qi80SmtITgpCc2RFUHR3aTZwcSs0UjM1QXdIVTZPRFhWaC93RW5uaStxLzRvRUJLN1hCSmhXVFpNd1lES242RVRFMjBRM29RCitmU003ZURLV0czaG1VeE1HVC9NY2JvZXpBVUIxSnU4amZIVzRURG5Vc0pxVWk5aXNHT3pROFA5TjZIWUVsOSsKUDU4V0ZPK3pDTDRQS0ZtamNia09aY2dYb010dVljQzRvK1A0Ty84NzErNWhvZVNqay91YjYwVGZYVktpeXdnagpZMlVtNFNJVE5YeE1CdzhFeEN3d05oMEhjNCtMa25aUFRjYWNpNURaaUY0bkZlQ1FUZ0RsWUluSHpSS0R0aTBICjRVZDFKT01MY2djSGtJNVhnMFpTOGFwNjdmWmpnSU9NREVUYjdUUkNiWUFMZjhkWXJMQlMvZ1dRUXkrRUFrSzAKWVpEZUJHYkVzMkdIaWV0QTVrb1pmNFN1b1o0YXBqZVhjREZrc3paWEE0UmpoZmxBMm9QRXJRTHlmYlFLOHB5ZQpldjZOVDhRalplQ21yb1pWUklmZ2xpdDhqT3R0VmNrWXp4cHJmTjBjbzJtWkc0UXYzYXhLRnQwdjJGZTJQLy9TCjAxMzV1MkhYNHRDOUkwclVsc3A1UjRxbStVN1BhbTJncGNFenF3c2wzaWlTVkJTcnk2TGN4ckNYL25ncFU2QnAKWGR4YlR0Q2MyYVVBbmJKYlNKYUEzTm94ZmhVRHArYmZvVEU2VUVKYWVtc0NBd0VBQWFOQ01FQXdEZ1lEVlIwUApBUUgvQkFRREFnS2tNQThHQTFVZEV3RUIvd1FGTUFNQkFmOHdIUVlEVlIwT0JCWUVGQnZDUG93V3F5VnkxSnNpCjdIYW9XMTdwd0ZMb01BMEdDU3FHU0liM0RRRUJDd1VBQTRJQ0FRQ1FKS1l6RnppcnRsRFZRTHIzVlNZeEN0OFoKOW9zeGlBTE9FeEpHbUhQUEZxZFgxdE5BQXZXL0VheGlybUpoN0dlcnJTMW4zRVFqUEpjb201MHk1SktqdVREegpGbnIreHBkaDZ1ckNFZlY0VUFBVDByM2NWRnNGVUZkeS9jUDJkbHBhVG0wTVJuckwwNXcwdFBYNEJyWDR4WG5pCm1rWW9QaWFxU2kvSTZ0QVhuaVZOc2hPcXRlQVhvUFhyQ0VCOXZpVEh2UzYvOW41VHpLcWFETlBlRVBBSGVaQmMKSGhkNFNvU2d5NmlSMVdXNWgrTzVlUGpTME9vaC80M2gyaWR1clBrbmRhVTkwd0VIVUluKzBQb2toN3pZRjBkeQozbzAyWjA1OUN5QVN2L1JwVHczOVRGT0g2Z3VHQk1XcXF4UFExUFVwTFcrSHpqRzRzaXNaUEFrWUpQdmZUbDRqCld0TzNYazhvaElWWlJiSmExNURNY3VpS2NoSE8zenl6VTNaU2dMcmxrMngzM3ozVHRkOGloSjVEbEhpTGY0RnEKZE9iTi85eHFVVTFnSmRQdzdsZXJuWHZIRUtOOW5sckkxZ0dpVHhKWXlYMTZwV0p0UnpxL2Eya2hNbURFbjJqOApLVE5STjU2eVpvY1dQeXFJUjZkOHZmRldvOFJYMWxXMGN4Y0FHZmpyKy83d0MzbWU5MkxsMUs1Q21KT20yRjdzCk5zcnZodFlheUxwWEEvZytWUWdUVG5rZW5FZDhBYUcrT2pldzVvWnBOc2t5RTl1QllmZ1RaU08wZW1zNEh5UU4KZlF2NnJZaEFwd0p4Z3Mwemc2M21JN0poSlRwaDBqQnJUYmtjNDBqZjN1d1pNN3hHU2lkQmRpanpPYitOTm1QRApJQVgvV0VQK3JCZitReUJFSEE9PQotLS0tLUVORCBDRVJUSUZJQ0FURS0tLS0tCg==",
                "host": "https://khkim-aks-897pek7k.hcp.koreacentral.azmk8s.io:443",
                "password": "e7z10v4weh6yamz9jp6osduynsc0tkegm0lo6jjpylbybwuwv990w749jwg3co5qcfmsblpwhw0zsmjhiqfvyc9nrqywzn8a4oj12u1hhlu9fnz4j3s8tq3a267ols1f",
                "username": "clusterUser_khkim_rg_khkim-ak2"
              }
            ],
            "kube_config_raw": "apiVersion: v1\nclusters:\n- cluster:\n    certificate-authority-data: LS0tLS1CRUdJTiBDRVJUSUZJQ0FURS0tLS0tCk1JSUU2VENDQXRHZ0F3SUJBZ0lSQUpOdEVzcy8waldqNEVyMSsybm04ZnN3RFFZSktvWklodmNOQVFFTEJRQXcKRFRFTE1Ba0dBMVVFQXhNQ1kyRXdJQmNOTWpVeE1qRXlNRFl5TVRFM1doZ1BNakExTlRFeU1USXdOak14TVRkYQpNQTB4Q3pBSkJnTlZCQU1UQW1OaE1JSUNJakFOQmdrcWhraUc5dzBCQVFFRkFBT0NBZzhBTUlJQ0NnS0NBZ0VBCnpFQzcwV3hNcUxSU0hJdHZlQ2ZNMk45V0VjRUdiQnE3dmZTbExSTGZNU09nTGFnYkJ0T3hKUlgxSHJuYTNXRXMKNDZyUXlSZzhkVlZCK3UwWXdNUmhkUEg2ZzhETHB3dUtjdHNqVFNhemdCOWg2Unc0TlY4c1ZoSml5Qi80SmtITgpCc2RFUHR3aTZwcSs0UjM1QXdIVTZPRFhWaC93RW5uaStxLzRvRUJLN1hCSmhXVFpNd1lES242RVRFMjBRM29RCitmU003ZURLV0czaG1VeE1HVC9NY2JvZXpBVUIxSnU4amZIVzRURG5Vc0pxVWk5aXNHT3pROFA5TjZIWUVsOSsKUDU4V0ZPK3pDTDRQS0ZtamNia09aY2dYb010dVljQzRvK1A0Ty84NzErNWhvZVNqay91YjYwVGZYVktpeXdnagpZMlVtNFNJVE5YeE1CdzhFeEN3d05oMEhjNCtMa25aUFRjYWNpNURaaUY0bkZlQ1FUZ0RsWUluSHpSS0R0aTBICjRVZDFKT01MY2djSGtJNVhnMFpTOGFwNjdmWmpnSU9NREVUYjdUUkNiWUFMZjhkWXJMQlMvZ1dRUXkrRUFrSzAKWVpEZUJHYkVzMkdIaWV0QTVrb1pmNFN1b1o0YXBqZVhjREZrc3paWEE0UmpoZmxBMm9QRXJRTHlmYlFLOHB5ZQpldjZOVDhRalplQ21yb1pWUklmZ2xpdDhqT3R0VmNrWXp4cHJmTjBjbzJtWkc0UXYzYXhLRnQwdjJGZTJQLy9TCjAxMzV1MkhYNHRDOUkwclVsc3A1UjRxbStVN1BhbTJncGNFenF3c2wzaWlTVkJTcnk2TGN4ckNYL25ncFU2QnAKWGR4YlR0Q2MyYVVBbmJKYlNKYUEzTm94ZmhVRHArYmZvVEU2VUVKYWVtc0NBd0VBQWFOQ01FQXdEZ1lEVlIwUApBUUgvQkFRREFnS2tNQThHQTFVZEV3RUIvd1FGTUFNQkFmOHdIUVlEVlIwT0JCWUVGQnZDUG93V3F5VnkxSnNpCjdIYW9XMTdwd0ZMb01BMEdDU3FHU0liM0RRRUJDd1VBQTRJQ0FRQ1FKS1l6RnppcnRsRFZRTHIzVlNZeEN0OFoKOW9zeGlBTE9FeEpHbUhQUEZxZFgxdE5BQXZXL0VheGlybUpoN0dlcnJTMW4zRVFqUEpjb201MHk1SktqdVREegpGbnIreHBkaDZ1ckNFZlY0VUFBVDByM2NWRnNGVUZkeS9jUDJkbHBhVG0wTVJuckwwNXcwdFBYNEJyWDR4WG5pCm1rWW9QaWFxU2kvSTZ0QVhuaVZOc2hPcXRlQVhvUFhyQ0VCOXZpVEh2UzYvOW41VHpLcWFETlBlRVBBSGVaQmMKSGhkNFNvU2d5NmlSMVdXNWgrTzVlUGpTME9vaC80M2gyaWR1clBrbmRhVTkwd0VIVUluKzBQb2toN3pZRjBkeQozbzAyWjA1OUN5QVN2L1JwVHczOVRGT0g2Z3VHQk1XcXF4UFExUFVwTFcrSHpqRzRzaXNaUEFrWUpQdmZUbDRqCld0TzNYazhvaElWWlJiSmExNURNY3VpS2NoSE8zenl6VTNaU2dMcmxrMngzM3ozVHRkOGloSjVEbEhpTGY0RnEKZE9iTi85eHFVVTFnSmRQdzdsZXJuWHZIRUtOOW5sckkxZ0dpVHhKWXlYMTZwV0p0UnpxL2Eya2hNbURFbjJqOApLVE5STjU2eVpvY1dQeXFJUjZkOHZmRldvOFJYMWxXMGN4Y0FHZmpyKy83d0MzbWU5MkxsMUs1Q21KT20yRjdzCk5zcnZodFlheUxwWEEvZytWUWdUVG5rZW5FZDhBYUcrT2pldzVvWnBOc2t5RTl1QllmZ1RaU08wZW1zNEh5UU4KZlF2NnJZaEFwd0p4Z3Mwemc2M21JN0poSlRwaDBqQnJUYmtjNDBqZjN1d1pNN3hHU2lkQmRpanpPYitOTm1QRApJQVgvV0VQK3JCZitReUJFSEE9PQotLS0tLUVORCBDRVJUSUZJQ0FURS0tLS0tCg==\n    server: https://khkim-aks-897pek7k.hcp.koreacentral.azmk8s.io:443\n  name: khkim-ak2\ncontexts:\n- context:\n    cluster: khkim-ak2\n    user: clusterUser_khkim_rg_khkim-ak2\n  name: khkim-ak2\ncurrent-context: khkim-ak2\nkind: Config\npreferences: {}\nusers:\n- name: clusterUser_khkim_rg_khkim-ak2\n  user:\n    client-certificate-data: LS0tLS1CRUdJTiBDRVJUSUZJQ0FURS0tLS0tCk1JSUZIakNDQXdhZ0F3SUJBZ0lSQUlnb0VlTE1YcmZJYmgxZTRPdVYvd2d3RFFZSktvWklodmNOQVFFTEJRQXcKRFRFTE1Ba0dBMVVFQXhNQ1kyRXdIaGNOTWpVeE1qRXlNRFl5TVRFM1doY05NamN4TWpFeU1EWXpNVEUzV2pBdwpNUmN3RlFZRFZRUUtFdzV6ZVhOMFpXMDZiV0Z6ZEdWeWN6RVZNQk1HQTFVRUF4TU1iV0Z6ZEdWeVkyeHBaVzUwCk1JSUNJakFOQmdrcWhraUc5dzBCQVFFRkFBT0NBZzhBTUlJQ0NnS0NBZ0VBdWpxN2RXcVJsU044Sm5TSlU3YksKRWE3UFljeU1uYVc3Z1V0Q0FkMlFVNWJ5NXVQM25DOXMwRCszR2N2bGVIVThxRWlJNkVmcERlUkhhVlk5UjFZeQpZRGtsNjMyeVVpSVkybFFjV2tnTjJ0SlY2R3IvZHNKRWNjSzBFLzVvWkIzRHlqVlhYMmd1aSs4cjBsc1QvNUdnCjZ6b1JDTmRSYkJjdXczWDBJdmhWN1Q5bzRrWGZISGpUb0t6T0d0WHc3MmRDMVg5UHFGY0h2bVplanF6UnpiUEoKaE1OZ0FiTVI0R25zZE44K291RWw1MWdDU3JwQTFmNVdDWnplMTRkVXVOMHh2UXBWbGp6ZGlXK1lkOUhLU285UQpUK0gzZzNFL0VJclR6QitDTGZiNGFHUGtmUy9VNDJIZkJsbHJZRURVeE50LytIV0hGYlNFM0lDYlhxWUdrTWg1CmRTbTBldUJDTzhNUzhCbTJoZmNqeUVTQVpJOTAzS09wVlNRV3hHSXNQdnJ2bjBMQnBPTDZXUTZtZmRIUWFDMFAKdlZsN0JrVDFjSHlRd0t6b2ZJREJtT0lidVlJYWlOUTJZdUd2NVhJcldoSUFITi9iTWpBODR0akdRNDZOS0hNdgpCeFFrNmtZZjh4R3o4TmNlU2ZvU0NpVlZKd0pPMzgyYXBqS0l0OXNWSE1zaVRBMFc4QzdpUlpiUzZCOTZtRlNECmM4NFF5MUR5SzBZRHdkS0VRdXduR0FXWlFvM1d1WTZoUzVUV2g0Y0w4SUsxM09vS3pkT25FS2xuSElDWWswdzAKSHcvZ09tQ1JCakpxNTFZY0F3VSsrVlcxblNzby9KZU9hOTVObWpzL1J5MnVmS3ZPNFFIL2xaOTZXRTJsZnN2LwplR2p6WC9YZ2IvYS9raFU5cTl4dGxYOENBd0VBQWFOV01GUXdEZ1lEVlIwUEFRSC9CQVFEQWdXZ01CTUdBMVVkCkpRUU1NQW9HQ0NzR0FRVUZCd01DTUF3R0ExVWRFd0VCL3dRQ01BQXdId1lEVlIwakJCZ3dGb0FVRzhJK2pCYXIKSlhMVW15THNkcWhiWHVuQVV1Z3dEUVlKS29aSWh2Y05BUUVMQlFBRGdnSUJBRnJFY2Z6djk5YzJJZmlpeEo3TQpyYkhhQnd0SW1TZEhkVnBKdTV4NVlMR3I2WVhHUHN3bXl3cDJrb0pkaGJ4SksxeStmSjhXbk5MTFoyOFJ6OVhyCkh3TVI2MDhLVEwrME5rblBjZGdIUE91UGdLclpTUkJqM0ZtK25GeGhkRWd2Qzd4TFVabHZRb2xJcVFURDFjMzYKNU1VN0xvQnM5UjVybkVpelBJNHUvb2RhS0pTOVhxVy9JeEZoRjlxMGRBNmZldE9jMTcxNnM1RFlnSHRiaE9sbgpZZE9RYzR3aGwzMURjaU9SMThYTXJNSDE1c1YxM0licERWK2RvbUpnNGEwdkNsYlFKSjlMSy9pby9OUmZCeXFJCjVxTDlkTFU2RENYZmJwa2x6VUJMQTZOSEF2ejJKcGhMd3o4MTN6cmNJK2gwRlFoazN1VHhnQ1JYb1U2OE9UNnAKdkFGOTIxRk1mUTVwR0o3QlZ5aTNKcE03R2s4QTZ3TER5b0g3VTJLdGZMc2ZTQllCM09wS2UrRG1yZDhCVTJVawpvVjRDb08yTU84L1h1Y0V2b0RIRW1sU0tWWHE5bXplTkR4ejM5dlYwSXZGQUdwZkRIOHh5dmRsOUc2YldlM3pyCkZHdEZPNU9OUW44L2ZtdTNIZ3RwODR5b29LUDZYZnc4Z1FpRTBnNGJyTmxaeE45RHE4Q1lCejVCN0s4UWJCREsKblJYTGFXRXhUalc1Slo2b1ltMXF6bWJmUDlmWlNLbk5UazFoTVlyM1hweUNOeS91eEE3VENFYjdHd2FIbXgxLwpFc0Era0x0cmVpZFRDSGpNS09NUEpSd2JWL0FNUzdYQjNYOXFyQjJLVFdUUVJ3NFlvYzI3OU02K3ByREswNC9kCmdQWVFpbXJ5azI2ZVptdExieWowV0JhQQotLS0tLUVORCBDRVJUSUZJQ0FURS0tLS0tCg==\n    client-key-data: LS0tLS1CRUdJTiBSU0EgUFJJVkFURSBLRVktLS0tLQpNSUlKSndJQkFBS0NBZ0VBdWpxN2RXcVJsU044Sm5TSlU3YktFYTdQWWN5TW5hVzdnVXRDQWQyUVU1Ynk1dVAzCm5DOXMwRCszR2N2bGVIVThxRWlJNkVmcERlUkhhVlk5UjFZeVlEa2w2MzJ5VWlJWTJsUWNXa2dOMnRKVjZHci8KZHNKRWNjSzBFLzVvWkIzRHlqVlhYMmd1aSs4cjBsc1QvNUdnNnpvUkNOZFJiQmN1dzNYMEl2aFY3VDlvNGtYZgpISGpUb0t6T0d0WHc3MmRDMVg5UHFGY0h2bVplanF6UnpiUEpoTU5nQWJNUjRHbnNkTjgrb3VFbDUxZ0NTcnBBCjFmNVdDWnplMTRkVXVOMHh2UXBWbGp6ZGlXK1lkOUhLU285UVQrSDNnM0UvRUlyVHpCK0NMZmI0YUdQa2ZTL1UKNDJIZkJsbHJZRURVeE50LytIV0hGYlNFM0lDYlhxWUdrTWg1ZFNtMGV1QkNPOE1TOEJtMmhmY2p5RVNBWkk5MAozS09wVlNRV3hHSXNQdnJ2bjBMQnBPTDZXUTZtZmRIUWFDMFB2Vmw3QmtUMWNIeVF3S3pvZklEQm1PSWJ1WUlhCmlOUTJZdUd2NVhJcldoSUFITi9iTWpBODR0akdRNDZOS0hNdkJ4UWs2a1lmOHhHejhOY2VTZm9TQ2lWVkp3Sk8KMzgyYXBqS0l0OXNWSE1zaVRBMFc4QzdpUlpiUzZCOTZtRlNEYzg0UXkxRHlLMFlEd2RLRVF1d25HQVdaUW8zVwp1WTZoUzVUV2g0Y0w4SUsxM09vS3pkT25FS2xuSElDWWswdzBIdy9nT21DUkJqSnE1MVljQXdVKytWVzFuU3NvCi9KZU9hOTVObWpzL1J5MnVmS3ZPNFFIL2xaOTZXRTJsZnN2L2VHanpYL1hnYi9hL2toVTlxOXh0bFg4Q0F3RUEKQVFLQ0FnQVhCVXVjVXNyTVNpYXBXa2swMy81UCsvRmNLdWVocXBXOTFkL0MrMFhzRDFlQ0tJd044bzdibWdTNApXNkZ5SitFOUFZL0FVYU5ZT1pxRThFbUM3VlRYaFk1UHlLbjlIUzgvK0pzZCtKVG9oK0poYUszMld1MWx0L3ZWClo0MktxQTN4Tm5GNzN4VU1sMG1EZkxRVzA1bTJKT2RyZ0YwVnBOMVRBWWNSdGtFVG90TUVVRDdVUzRZSVJxbWUKWFBQN3BDTE80WDM4cS9BanlUa2NkS0NRSFE2OEtxcWppeVNhazlMTVg3Y09kaEUwRjkwRi84ck9xVElFTTRWdAoxSHpVblZpWXF4TzBEcklVQmR6WWN2RTBFUGlNa2hKV3Nwa1R6UldCYTNrRzFaQy9nVzhDbi9jTHVmMTlKaHRGCk9yNW4xMCsvd1p6V2wxOXFkK1lTUFNrZFIxV1Jhc1N0KzlFUXRzRzF6Sk5LTFlGL0IrczRJZVV5SEpjbGZGUncKWnZpRTFmZXJ5NmRFLzNqVDRSdVQ0dDZxZTN0UlppTG96UldKSFZNTEVnMVpxODEwSzhEOG05U1BDeHZrbHN1MAozb0x4elZTa3pWWWxScTd4TFBEU2FyRjFrTFQ0THloZGIvcDlIQjErbVFDc28wVkxGazM3dTFlWFRMVkUvMXV6CnFOZFUvTm01NWFhVUFHNGJXLzMxcFBBbi8xaWlNUWJYQlhZaDZOQ29jWVk4QlZYWmZ1eDMvRTh2L1hnMld2cUkKWGNzbzdHbHBSWURBQWh6dGlNS054ak1vSW9JamNuVXNHdVpLSDczV1Q2Uk03Mm1sYkl1UkRPUGwwWG55ZFdNcQpPU2ZYZ096eTVvdmZrWmlTcVdUcWlqUkdza1M0VS9DUWhaNHA0ZXdBVzg2QThOcmlnUUtDQVFFQTVXc1ZjeDJjClc0SGlTSXFVY2hwRmM5UmJxU283dHVJN2REcjFHQVp5VS93Q1o5UEluL3hBa1RNTWx4UHBiQmVYMzN1OEtaZkwKN0VaTkhNRzlqd3FVYkVEY1VLOEtYT3F2WUsyOWVVendRaGhzaHFRdmk0TUFXRHB0akRjUWFRaVk1U0pLLzFPRgpZdy9VbDZiSitRaFBZd2tML21kNlR1RTNJUzF1c21yUnlYVGxLaHVnTEN3c3NxWHZuQnBOa3lodStIUkkvNUE4Cm5ycHAvZ2M2eU54Z1RUT1ZNeFhPYTFIVDY4d3VHSm96WUd1QXlOemdHV285aDV1T1k4Nzdad2pkR2dKMWJ1NjAKNnM5U1g4eENzUW9MRzdwaUFOMXJiVkIwaFk1Z0paV2VrNWcwSVJGSm0rb3h0ajNSUlF6OXZvNC8xa0NEbFNMcApwbEp6OU1XeDJYeEhFd0tDQVFFQXo4NlkwQm55UGw1RUkzY1FWZndqVEF6d1lwVi9xdTBmZWNpSUpVdFlsTnhNCnNvMmJxMkh0MytRSVNIbXI3ODV5OUkxbFBhRmRoWFVwYXFQRFg3V3JoWWl4ZWE3bWRmQmR6Z1NuRHpTRjhzR0kKZ3l1aTJWZmpUbTNiaXpyenZLRXRnV2V1TGtlTWU3OFM4UjlaSGZibjVXY0JtL3Uwa2JWVnozQkJ4TGNyaHdiWgpBS0RYeTEzQVF1N21PRjFhOHppVys4QlNFT3k4K0VUcjVwQW5TYWgxVmgrRW9TUk0vZmxsTUlNVXZvM1hCR0wwCldTY0RZS3pvM0lhV2JsUFhsdnVMSUdhcG83SldlMjY2eXdBazB6MkttTlZqTFZkSFdNT24vVG1YNTVhWCtpMlcKb1Z6VVVabzZPTFpybHpZTmtlSjZCdCtNb3EySHFPTmE0Mzc5Tzk2cFpRS0NBUUFOaEFxR2RxY2dpUDFnMHJFKwpLNmdOMCtQMmltTnNPZFhRMml4WVZ3RGpTOFNFZzJpZGJFb05nOWxwQ1NaR1ZQbUFsQlNZeXJXYjNPUnNIa25oCnBIanNDOEl2Q3JEc21uTHNtaS9BZHJUczMrMTgzUzFqNWJyZWQ4cSthUHdSaEEwbDZxaEtkSXcyTXRlT2U2Z0kKZ09IVWJ0TURFT3VXdkJQNFkyblRIeEh1OFhFUzB2L1R1bUtEdjl6bThISERpcTFHKytyVkM1VldzSnJQK1hNUQpKRk9VR01iZ2RKZHRvU3VBQjg1cmFxSStPdmNpWGtqaGxtMjdrSUdLQmNhdjRrak1ZSHEwcDJHSE4rR2RmVFlzCm9lL1htVnB1dkp5NG12WFNiSG5qblBYenNoTFlJK0dYU3V2VTFiMS9lTzEyRFlGYlNQKzNpSkFGV1hRMVpuUTgKNE9KN0FvSUJBQ2YzRjdTT0NPU3R4SFQ5cFFxa1h6VjFGNVllSWx1QkZ4aVkxSFkzczJXTnFNSitNWDRZYTJNdgp1OWdVYmxqRVg1OWd3aVBFTVBSRndCMWVPV2ppeTRYMjhBcnk5Q2VpZnFmc2hTU0xlV2RpaVJxUS9kVEc3bFJiCkZHb0dnSEc2bmNIUmF0SkR1R1RrTG9Sby92NmdTYUQ0Mm5waFFpenpydmtpSWNQdlpsT2xvWDVaY0tjUDlMWHEKdENRSzhEN3VsenI3bGN6amVzUlVuUG5PcDMrbkFrbjU3Y3YvNno2OUJCVDhZTFQxR25FaGh0VE9oL3ZEeFZVRQpIVkpDbGFmWDRMM3VnSm1XNXNMK1hMWkY1TThyZXNoQjRiMEttQkllTHVTb2V1cHpMKzlSYlRMRFk2SCtBMHg4CjZOdy83UVF0aGtKa0krdjFhNjJ6YS90c3BNOHExM0VDZ2dFQWZxTHgzYmFNUTltSHJyQ0ZDM3BiUVgxZ0pGaU0KMWVtWmV0bUdpQ2h3SFVMcHJ6YlJ3eTZJSUFBclJ2Y0ppYzM2ZW5yU29hSE5FZ2tLZXJFSnFHTjQvV3RER0JSMAp4T0RWbDBjNFF2TDV0OE9JbGZBcWlBMVg5QkxoSjdMWFZLNXBzSGtnWmx2RXZKWnlOdnE3UEVvU3hLWGJxL25xClRua25TZDJxdTJkbURPODRpanpydWNPTm1yVWlKbTZLZzlxL2puQ0NKM3piRkVNYmZJTGVXaTFld1l1NWNtdmYKMGJJK3l1K0YxcndUQldXazdkc3F6WENUSDZrN2pObkhOZjY5TGxMYTJ1VlBWbTZWYUJiZTY0cm1Ocy9veXVwdgpwMDlROWtZVHNxSlFpOXNxM2g1cU5XRVk5RkQzRm80cEk1enNlaHM1ODFTcURwZHp2eWNrN0o2ZEh3PT0KLS0tLS1FTkQgUlNBIFBSSVZBVEUgS0VZLS0tLS0K\n    token: e7z10v4weh6yamz9jp6osduynsc0tkegm0lo6jjpylbybwuwv990w749jwg3co5qcfmsblpwhw0zsmjhiqfvyc9nrqywzn8a4oj12u1hhlu9fnz4j3s8tq3a267ols1f\n",
            "kubelet_identity": [
              {
                "client_id": "96e32208-723f-4841-b9f8-3bde051297cd",
                "object_id": "8d3684a8-0529-482a-bcd1-c11323f1be1f",
                "user_assigned_identity_id": "/subscriptions/86d6e9f1-1227-4473-98f5-7920e3e02eef/resourceGroups/MC_khkim_rg_khkim-ak2_koreacentral/providers/Microsoft.ManagedIdentity/userAssignedIdentities/khkim-ak2-agentpool"
              }
            ],
            "kubernetes_version": "1.34",
            "linux_profile": [
              {
                "admin_username": "azureuser",
                "ssh_key": [
                  {
                    "key_data": "ssh-rsa AAAAB3NzaC1yc2EAAAADAQABAAABAQDrxoSvk2iyyQnTgNZD86ERv/TrVdLa9STobpZWtMy7pA+21zAZj9di8S1R6KMOLZ2JQPDx3nCXENQpqrELMgQAhiFZ8jpIad5Umc+hXp8yd8TbE2RDDGaxwJcufgDLjCYV5nVRdyK3JgiYnTR3fd1Rq1xkhe0FdwZJfXqXxzsUEahntThpzSkNqr49zEeOZ3XzJSrTg/jVRT6RVJ0MxDP0KY6rUK9gjOWOJtCZcpMljHObkq6VCoLkxYguy2U0TUDxnQLQULjvrabIU+xC3KLVuVagvCHLZfSMLdOy59o30m2tPO1wLZ9idvKqUQidNQ/X/OmJpS8etNp3EPeWI8yZ"
                  }
                ]
              }
            ],
            "local_account_disabled": false,
            "location": "koreacentral",
            "maintenance_window": [],
            "maintenance_window_auto_upgrade": [
              {
                "day_of_month": 0,
                "day_of_week": "Sunday",
                "duration": 8,
                "frequency": "Weekly",
                "interval": 1,
                "not_allowed": [],
                "start_date": "2025-11-20T00:00:00Z",
                "start_time": "00:00",
                "utc_offset": "+00:00",
                "week_index": ""
              }
            ],
            "maintenance_window_node_os": [],
            "microsoft_defender": [],
            "monitor_metrics": [],
            "name": "khkim-ak2",
            "network_profile": [
              {
                "advanced_networking": [],
                "dns_service_ip": "172.20.4.10",
                "ip_versions": [
                  "IPv4"
                ],
                "load_balancer_profile": [
                  {
                    "backend_pool_type": "NodeIPConfiguration",
                    "effective_outbound_ips": [
                      "/subscriptions/86d6e9f1-1227-4473-98f5-7920e3e02eef/resourceGroups/MC_khkim_rg_khkim-ak2_koreacentral/providers/Microsoft.Network/publicIPAddresses/afed9292-1ed2-4625-a060-2440eeb93b6f"
                    ],
                    "idle_timeout_in_minutes": 0,
                    "managed_outbound_ip_count": 1,
                    "managed_outbound_ipv6_count": 0,
                    "outbound_ip_address_ids": [],
                    "outbound_ip_prefix_ids": [],
                    "outbound_ports_allocated": 0
                  }
                ],
                "load_balancer_sku": "standard",
                "nat_gateway_profile": [],
                "network_data_plane": "azure",
                "network_mode": "",
                "network_plugin": "azure",
                "network_plugin_mode": "overlay",
                "network_policy": "azure",
                "outbound_type": "loadBalancer",
                "pod_cidr": "10.244.0.0/16",
                "pod_cidrs": [
                  "10.244.0.0/16"
                ],
                "service_cidr": "172.20.4.0/22",
                "service_cidrs": [
                  "172.20.4.0/22"
                ]
              }
            ],
            "node_os_upgrade_channel": "SecurityPatch",
            "node_resource_group": "MC_khkim_rg_khkim-ak2_koreacentral",
            "node_resource_group_id": "/subscriptions/86d6e9f1-1227-4473-98f5-7920e3e02eef/resourceGroups/MC_khkim_rg_khkim-ak2_koreacentral",
            "oidc_issuer_enabled": true,
            "oidc_issuer_url": "https://koreacentral.oic.prod-aks.azure.com/9ab80bfb-f6a5-4b78-9a6f-dd037dc0e745/2ff5d630-b6ca-4251-a478-75ef90e64b83/",
            "oms_agent": [],
            "open_service_mesh_enabled": null,
            "portal_fqdn": "khkim-aks-897pek7k.portal.hcp.koreacentral.azmk8s.io",
            "private_cluster_enabled": false,
            "private_cluster_public_fqdn_enabled": false,
            "private_dns_zone_id": "",
            "private_fqdn": "",
            "resource_group_name": "khkim_rg",
            "role_based_access_control_enabled": true,
            "run_command_enabled": true,
            "service_mesh_profile": [],
            "service_principal": [],
            "sku_tier": "Free",
            "storage_profile": [],
            "support_plan": "KubernetesOfficial",
            "tags": {
              "Environment": "Test"
            },
            "timeouts": null,
            "upgrade_override": [],
            "web_app_routing": [],
            "windows_profile": [
              {
                "admin_password": "",
                "admin_username": "azureuser",
                "gmsa": [],
                "license": ""
              }
            ],
            "workload_autoscaler_profile": [],
            "workload_identity_enabled": true
          },
          "sensitive_attributes": [
            [
              {
                "type": "get_attr",
                "value": "kube_admin_config"
              }
            ],
            [
              {
                "type": "get_attr",
                "value": "kube_admin_config_raw"
              }
            ],
            [
              {
                "type": "get_attr",
                "value": "kube_config"
              }
            ],
            [
              {
                "type": "get_attr",
                "value": "kube_config_raw"
              }
            ],
            [
              {
                "type": "get_attr",
                "value": "windows_profile"
              },
              {
                "type": "index",
                "value": {
                  "value": 0,
                  "type": "number"
                }
              },
              {
                "type": "get_attr",
                "value": "admin_password"
              }
            ]
          ],
          "identity_schema_version": 0,
          "private": "eyJlMmJmYjczMC1lY2FhLTExZTYtOGY4OC0zNDM2M2JjN2M0YzAiOnsiY3JlYXRlIjo1NDAwMDAwMDAwMDAwLCJkZWxldGUiOjU0MDAwMDAwMDAwMDAsInJlYWQiOjMwMDAwMDAwMDAwMCwidXBkYXRlIjo1NDAwMDAwMDAwMDAwfSwic2NoZW1hX3ZlcnNpb24iOiIyIn0=",
          "dependencies": [
            "module.NSG.azurerm_network_security_group.nsg",
            "module.NSG.azurerm_network_security_rule.nsg_rule",
            "module.RG.azurerm_resource_group.rg",
            "module.UDR.azurerm_route.route",
            "module.UDR.azurerm_route_table.udr",
            "module.vnet.azurerm_subnet.subnet",
            "module.vnet.azurerm_subnet_network_security_group_association.nsg_assoc",
            "module.vnet.azurerm_subnet_route_table_association.udr_assoc",
            "module.vnet.azurerm_virtual_network.vnet"
          ]
        }
      ]
    },
    {
      "module": "module.vnet[\"Hub-vnet\"]",
      "mode": "managed",
      "type": "azurerm_subnet",
      "name": "subnet",
      "provider": "provider[\"registry.terraform.io/hashicorp/azurerm\"]",
      "instances": [
        {
          "index_key": "AzureFirewallManagementSubnet",
          "schema_version": 0,
          "attributes": {
            "address_prefixes": [
              "10.0.1.0/24"
            ],
            "default_outbound_access_enabled": true,
            "delegation": [],
            "id": "/subscriptions/86d6e9f1-1227-4473-98f5-7920e3e02eef/resourceGroups/khkim_rg/providers/Microsoft.Network/virtualNetworks/Hub-vnet/subnets/AzureFirewallManagementSubnet",
            "ip_address_pool": [],
            "name": "AzureFirewallManagementSubnet",
            "private_endpoint_network_policies": "Disabled",
            "private_link_service_network_policies_enabled": true,
            "resource_group_name": "khkim_rg",
            "service_endpoint_policy_ids": [],
            "service_endpoints": [],
            "sharing_scope": "",
            "timeouts": null,
            "virtual_network_name": "Hub-vnet"
          },
          "sensitive_attributes": [],
          "identity_schema_version": 0,
          "identity": {
            "name": "AzureFirewallManagementSubnet",
            "resource_group_name": "khkim_rg",
            "subscription_id": "86d6e9f1-1227-4473-98f5-7920e3e02eef",
            "virtual_network_name": "Hub-vnet"
          },
          "private": "eyJlMmJmYjczMC1lY2FhLTExZTYtOGY4OC0zNDM2M2JjN2M0YzAiOnsiY3JlYXRlIjoxODAwMDAwMDAwMDAwLCJkZWxldGUiOjE4MDAwMDAwMDAwMDAsInJlYWQiOjMwMDAwMDAwMDAwMCwidXBkYXRlIjoxODAwMDAwMDAwMDAwfX0=",
          "dependencies": [
            "module.NSG.azurerm_network_security_group.nsg",
            "module.NSG.azurerm_network_security_rule.nsg_rule",
            "module.RG.azurerm_resource_group.rg",
            "module.UDR.azurerm_route.route",
            "module.UDR.azurerm_route_table.udr",
            "module.vnet.azurerm_virtual_network.vnet"
          ]
        },
        {
          "index_key": "AzureFirewallSubnet",
          "schema_version": 0,
          "attributes": {
            "address_prefixes": [
              "10.0.0.0/24"
            ],
            "default_outbound_access_enabled": true,
            "delegation": [],
            "id": "/subscriptions/86d6e9f1-1227-4473-98f5-7920e3e02eef/resourceGroups/khkim_rg/providers/Microsoft.Network/virtualNetworks/Hub-vnet/subnets/AzureFirewallSubnet",
            "ip_address_pool": [],
            "name": "AzureFirewallSubnet",
            "private_endpoint_network_policies": "Disabled",
            "private_link_service_network_policies_enabled": true,
            "resource_group_name": "khkim_rg",
            "service_endpoint_policy_ids": [],
            "service_endpoints": [],
            "sharing_scope": "",
            "timeouts": null,
            "virtual_network_name": "Hub-vnet"
          },
          "sensitive_attributes": [],
          "identity_schema_version": 0,
          "identity": {
            "name": "AzureFirewallSubnet",
            "resource_group_name": "khkim_rg",
            "subscription_id": "86d6e9f1-1227-4473-98f5-7920e3e02eef",
            "virtual_network_name": "Hub-vnet"
          },
          "private": "eyJlMmJmYjczMC1lY2FhLTExZTYtOGY4OC0zNDM2M2JjN2M0YzAiOnsiY3JlYXRlIjoxODAwMDAwMDAwMDAwLCJkZWxldGUiOjE4MDAwMDAwMDAwMDAsInJlYWQiOjMwMDAwMDAwMDAwMCwidXBkYXRlIjoxODAwMDAwMDAwMDAwfX0=",
          "dependencies": [
            "module.NSG.azurerm_network_security_group.nsg",
            "module.NSG.azurerm_network_security_rule.nsg_rule",
            "module.RG.azurerm_resource_group.rg",
            "module.UDR.azurerm_route.route",
            "module.UDR.azurerm_route_table.udr",
            "module.vnet.azurerm_virtual_network.vnet"
          ]
        },
        {
          "index_key": "aks-node-subnet",
          "schema_version": 0,
          "attributes": {
            "address_prefixes": [
              "10.0.3.0/24"
            ],
            "default_outbound_access_enabled": true,
            "delegation": [],
            "id": "/subscriptions/86d6e9f1-1227-4473-98f5-7920e3e02eef/resourceGroups/khkim_rg/providers/Microsoft.Network/virtualNetworks/Hub-vnet/subnets/aks-node-subnet",
            "ip_address_pool": [],
            "name": "aks-node-subnet",
            "private_endpoint_network_policies": "Disabled",
            "private_link_service_network_policies_enabled": true,
            "resource_group_name": "khkim_rg",
            "service_endpoint_policy_ids": [],
            "service_endpoints": [],
            "sharing_scope": "",
            "timeouts": null,
            "virtual_network_name": "Hub-vnet"
          },
          "sensitive_attributes": [],
          "identity_schema_version": 0,
          "identity": {
            "name": "aks-node-subnet",
            "resource_group_name": "khkim_rg",
            "subscription_id": "86d6e9f1-1227-4473-98f5-7920e3e02eef",
            "virtual_network_name": "Hub-vnet"
          },
          "private": "eyJlMmJmYjczMC1lY2FhLTExZTYtOGY4OC0zNDM2M2JjN2M0YzAiOnsiY3JlYXRlIjoxODAwMDAwMDAwMDAwLCJkZWxldGUiOjE4MDAwMDAwMDAwMDAsInJlYWQiOjMwMDAwMDAwMDAwMCwidXBkYXRlIjoxODAwMDAwMDAwMDAwfX0=",
          "dependencies": [
            "module.NSG.azurerm_network_security_group.nsg",
            "module.NSG.azurerm_network_security_rule.nsg_rule",
            "module.RG.azurerm_resource_group.rg",
            "module.UDR.azurerm_route.route",
            "module.UDR.azurerm_route_table.udr",
            "module.vnet.azurerm_virtual_network.vnet"
          ]
        },
        {
          "index_key": "unique-nic-snet",
          "schema_version": 0,
          "attributes": {
            "address_prefixes": [
              "10.0.11.0/24"
            ],
            "default_outbound_access_enabled": true,
            "delegation": [],
            "id": "/subscriptions/86d6e9f1-1227-4473-98f5-7920e3e02eef/resourceGroups/khkim_rg/providers/Microsoft.Network/virtualNetworks/Hub-vnet/subnets/unique-nic-snet",
            "ip_address_pool": [],
            "name": "unique-nic-snet",
            "private_endpoint_network_policies": "Disabled",
            "private_link_service_network_policies_enabled": true,
            "resource_group_name": "khkim_rg",
            "service_endpoint_policy_ids": [],
            "service_endpoints": [],
            "sharing_scope": "",
            "timeouts": null,
            "virtual_network_name": "Hub-vnet"
          },
          "sensitive_attributes": [],
          "identity_schema_version": 0,
          "identity": {
            "name": "unique-nic-snet",
            "resource_group_name": "khkim_rg",
            "subscription_id": "86d6e9f1-1227-4473-98f5-7920e3e02eef",
            "virtual_network_name": "Hub-vnet"
          },
          "private": "eyJlMmJmYjczMC1lY2FhLTExZTYtOGY4OC0zNDM2M2JjN2M0YzAiOnsiY3JlYXRlIjoxODAwMDAwMDAwMDAwLCJkZWxldGUiOjE4MDAwMDAwMDAwMDAsInJlYWQiOjMwMDAwMDAwMDAwMCwidXBkYXRlIjoxODAwMDAwMDAwMDAwfX0=",
          "dependencies": [
            "module.NSG.azurerm_network_security_group.nsg",
            "module.NSG.azurerm_network_security_rule.nsg_rule",
            "module.RG.azurerm_resource_group.rg",
            "module.UDR.azurerm_route.route",
            "module.UDR.azurerm_route_table.udr",
            "module.vnet.azurerm_virtual_network.vnet"
          ]
        },
        {
          "index_key": "vm-subnet",
          "schema_version": 0,
          "attributes": {
            "address_prefixes": [
              "10.0.7.0/24"
            ],
            "default_outbound_access_enabled": true,
            "delegation": [],
            "id": "/subscriptions/86d6e9f1-1227-4473-98f5-7920e3e02eef/resourceGroups/khkim_rg/providers/Microsoft.Network/virtualNetworks/Hub-vnet/subnets/vm-subnet",
            "ip_address_pool": [],
            "name": "vm-subnet",
            "private_endpoint_network_policies": "Disabled",
            "private_link_service_network_policies_enabled": true,
            "resource_group_name": "khkim_rg",
            "service_endpoint_policy_ids": [],
            "service_endpoints": [],
            "sharing_scope": "",
            "timeouts": null,
            "virtual_network_name": "Hub-vnet"
          },
          "sensitive_attributes": [],
          "identity_schema_version": 0,
          "identity": {
            "name": "vm-subnet",
            "resource_group_name": "khkim_rg",
            "subscription_id": "86d6e9f1-1227-4473-98f5-7920e3e02eef",
            "virtual_network_name": "Hub-vnet"
          },
          "private": "eyJlMmJmYjczMC1lY2FhLTExZTYtOGY4OC0zNDM2M2JjN2M0YzAiOnsiY3JlYXRlIjoxODAwMDAwMDAwMDAwLCJkZWxldGUiOjE4MDAwMDAwMDAwMDAsInJlYWQiOjMwMDAwMDAwMDAwMCwidXBkYXRlIjoxODAwMDAwMDAwMDAwfX0=",
          "dependencies": [
            "module.NSG.azurerm_network_security_group.nsg",
            "module.NSG.azurerm_network_security_rule.nsg_rule",
            "module.RG.azurerm_resource_group.rg",
            "module.UDR.azurerm_route.route",
            "module.UDR.azurerm_route_table.udr",
            "module.vnet.azurerm_virtual_network.vnet"
          ]
        },
        {
          "index_key": "vm2-subnet",
          "schema_version": 0,
          "attributes": {
            "address_prefixes": [
              "10.0.8.0/24"
            ],
            "default_outbound_access_enabled": true,
            "delegation": [],
            "id": "/subscriptions/86d6e9f1-1227-4473-98f5-7920e3e02eef/resourceGroups/khkim_rg/providers/Microsoft.Network/virtualNetworks/Hub-vnet/subnets/vm2-subnet",
            "ip_address_pool": [],
            "name": "vm2-subnet",
            "private_endpoint_network_policies": "Disabled",
            "private_link_service_network_policies_enabled": true,
            "resource_group_name": "khkim_rg",
            "service_endpoint_policy_ids": [],
            "service_endpoints": [],
            "sharing_scope": "",
            "timeouts": null,
            "virtual_network_name": "Hub-vnet"
          },
          "sensitive_attributes": [],
          "identity_schema_version": 0,
          "identity": {
            "name": "vm2-subnet",
            "resource_group_name": "khkim_rg",
            "subscription_id": "86d6e9f1-1227-4473-98f5-7920e3e02eef",
            "virtual_network_name": "Hub-vnet"
          },
          "private": "eyJlMmJmYjczMC1lY2FhLTExZTYtOGY4OC0zNDM2M2JjN2M0YzAiOnsiY3JlYXRlIjoxODAwMDAwMDAwMDAwLCJkZWxldGUiOjE4MDAwMDAwMDAwMDAsInJlYWQiOjMwMDAwMDAwMDAwMCwidXBkYXRlIjoxODAwMDAwMDAwMDAwfX0=",
          "dependencies": [
            "module.NSG.azurerm_network_security_group.nsg",
            "module.NSG.azurerm_network_security_rule.nsg_rule",
            "module.RG.azurerm_resource_group.rg",
            "module.UDR.azurerm_route.route",
            "module.UDR.azurerm_route_table.udr",
            "module.vnet.azurerm_virtual_network.vnet"
          ]
        }
      ]
    },
    {
      "module": "module.vnet[\"Hub-vnet\"]",
      "mode": "managed",
      "type": "azurerm_subnet_network_security_group_association",
      "name": "nsg_assoc",
      "provider": "provider[\"registry.terraform.io/hashicorp/azurerm\"]",
      "instances": [
        {
          "index_key": "unique-nic-snet",
          "schema_version": 0,
          "attributes": {
            "id": "/subscriptions/86d6e9f1-1227-4473-98f5-7920e3e02eef/resourceGroups/khkim_rg/providers/Microsoft.Network/virtualNetworks/Hub-vnet/subnets/unique-nic-snet",
            "network_security_group_id": "/subscriptions/86d6e9f1-1227-4473-98f5-7920e3e02eef/resourceGroups/khkim_rg/providers/Microsoft.Network/networkSecurityGroups/nsg-rygus-test",
            "subnet_id": "/subscriptions/86d6e9f1-1227-4473-98f5-7920e3e02eef/resourceGroups/khkim_rg/providers/Microsoft.Network/virtualNetworks/Hub-vnet/subnets/unique-nic-snet",
            "timeouts": null
          },
          "sensitive_attributes": [],
          "identity_schema_version": 0,
          "private": "eyJlMmJmYjczMC1lY2FhLTExZTYtOGY4OC0zNDM2M2JjN2M0YzAiOnsiY3JlYXRlIjoxODAwMDAwMDAwMDAwLCJkZWxldGUiOjE4MDAwMDAwMDAwMDAsInJlYWQiOjMwMDAwMDAwMDAwMH19",
          "dependencies": [
            "module.NSG.azurerm_network_security_group.nsg",
            "module.NSG.azurerm_network_security_rule.nsg_rule",
            "module.RG.azurerm_resource_group.rg",
            "module.UDR.azurerm_route.route",
            "module.UDR.azurerm_route_table.udr",
            "module.vnet.azurerm_subnet.subnet",
            "module.vnet.azurerm_virtual_network.vnet"
          ]
        }
      ]
    },
    {
      "module": "module.vnet[\"Hub-vnet\"]",
      "mode": "managed",
      "type": "azurerm_virtual_network",
      "name": "vnet",
      "provider": "provider[\"registry.terraform.io/hashicorp/azurerm\"]",
      "instances": [
        {
          "schema_version": 0,
          "attributes": {
            "address_space": [
              "10.0.0.0/16"
            ],
            "bgp_community": "",
            "ddos_protection_plan": [],
            "dns_servers": [],
            "edge_zone": "",
            "encryption": [],
            "flow_timeout_in_minutes": 0,
            "guid": "a6ac511c-ad88-4db8-92e1-671c7ea45607",
            "id": "/subscriptions/86d6e9f1-1227-4473-98f5-7920e3e02eef/resourceGroups/khkim_rg/providers/Microsoft.Network/virtualNetworks/Hub-vnet",
            "ip_address_pool": [],
            "location": "koreacentral",
            "name": "Hub-vnet",
            "private_endpoint_vnet_policies": "Disabled",
            "resource_group_name": "khkim_rg",
            "subnet": [
              {
                "address_prefixes": [
                  "10.0.0.0/24"
                ],
                "default_outbound_access_enabled": true,
                "delegation": [],
                "id": "/subscriptions/86d6e9f1-1227-4473-98f5-7920e3e02eef/resourceGroups/khkim_rg/providers/Microsoft.Network/virtualNetworks/Hub-vnet/subnets/AzureFirewallSubnet",
                "name": "AzureFirewallSubnet",
                "private_endpoint_network_policies": "Disabled",
                "private_link_service_network_policies_enabled": true,
                "route_table_id": "",
                "security_group": "",
                "service_endpoint_policy_ids": [],
                "service_endpoints": []
              },
              {
                "address_prefixes": [
                  "10.0.1.0/24"
                ],
                "default_outbound_access_enabled": true,
                "delegation": [],
                "id": "/subscriptions/86d6e9f1-1227-4473-98f5-7920e3e02eef/resourceGroups/khkim_rg/providers/Microsoft.Network/virtualNetworks/Hub-vnet/subnets/AzureFirewallManagementSubnet",
                "name": "AzureFirewallManagementSubnet",
                "private_endpoint_network_policies": "Disabled",
                "private_link_service_network_policies_enabled": true,
                "route_table_id": "",
                "security_group": "",
                "service_endpoint_policy_ids": [],
                "service_endpoints": []
              },
              {
                "address_prefixes": [
                  "10.0.11.0/24"
                ],
                "default_outbound_access_enabled": true,
                "delegation": [],
                "id": "/subscriptions/86d6e9f1-1227-4473-98f5-7920e3e02eef/resourceGroups/khkim_rg/providers/Microsoft.Network/virtualNetworks/Hub-vnet/subnets/unique-nic-snet",
                "name": "unique-nic-snet",
                "private_endpoint_network_policies": "Disabled",
                "private_link_service_network_policies_enabled": true,
                "route_table_id": "",
                "security_group": "/subscriptions/86d6e9f1-1227-4473-98f5-7920e3e02eef/resourceGroups/khkim_rg/providers/Microsoft.Network/networkSecurityGroups/nsg-rygus-test",
                "service_endpoint_policy_ids": [],
                "service_endpoints": []
              },
              {
                "address_prefixes": [
                  "10.0.3.0/24"
                ],
                "default_outbound_access_enabled": true,
                "delegation": [],
                "id": "/subscriptions/86d6e9f1-1227-4473-98f5-7920e3e02eef/resourceGroups/khkim_rg/providers/Microsoft.Network/virtualNetworks/Hub-vnet/subnets/aks-node-subnet",
                "name": "aks-node-subnet",
                "private_endpoint_network_policies": "Disabled",
                "private_link_service_network_policies_enabled": true,
                "route_table_id": "",
                "security_group": "",
                "service_endpoint_policy_ids": [],
                "service_endpoints": []
              },
              {
                "address_prefixes": [
                  "10.0.7.0/24"
                ],
                "default_outbound_access_enabled": true,
                "delegation": [],
                "id": "/subscriptions/86d6e9f1-1227-4473-98f5-7920e3e02eef/resourceGroups/khkim_rg/providers/Microsoft.Network/virtualNetworks/Hub-vnet/subnets/vm-subnet",
                "name": "vm-subnet",
                "private_endpoint_network_policies": "Disabled",
                "private_link_service_network_policies_enabled": true,
                "route_table_id": "",
                "security_group": "",
                "service_endpoint_policy_ids": [],
                "service_endpoints": []
              },
              {
                "address_prefixes": [
                  "10.0.8.0/24"
                ],
                "default_outbound_access_enabled": true,
                "delegation": [],
                "id": "/subscriptions/86d6e9f1-1227-4473-98f5-7920e3e02eef/resourceGroups/khkim_rg/providers/Microsoft.Network/virtualNetworks/Hub-vnet/subnets/vm2-subnet",
                "name": "vm2-subnet",
                "private_endpoint_network_policies": "Disabled",
                "private_link_service_network_policies_enabled": true,
                "route_table_id": "",
                "security_group": "",
                "service_endpoint_policy_ids": [],
                "service_endpoints": []
              }
            ],
            "tags": {
              "owner": "김교현"
            },
            "timeouts": null
          },
          "sensitive_attributes": [],
          "identity_schema_version": 0,
          "identity": {
            "name": "Hub-vnet",
            "resource_group_name": "khkim_rg",
            "subscription_id": "86d6e9f1-1227-4473-98f5-7920e3e02eef"
          },
          "private": "eyJlMmJmYjczMC1lY2FhLTExZTYtOGY4OC0zNDM2M2JjN2M0YzAiOnsiY3JlYXRlIjoxODAwMDAwMDAwMDAwLCJkZWxldGUiOjE4MDAwMDAwMDAwMDAsInJlYWQiOjMwMDAwMDAwMDAwMCwidXBkYXRlIjoxODAwMDAwMDAwMDAwfX0=",
          "dependencies": [
            "module.RG.azurerm_resource_group.rg"
          ]
        }
      ]
    },
    {
      "module": "module.vnet[\"spoke1-vnet\"]",
      "mode": "managed",
      "type": "azurerm_subnet",
      "name": "subnet",
      "provider": "provider[\"registry.terraform.io/hashicorp/azurerm\"]",
      "instances": [
        {
          "index_key": "unique-snet",
          "schema_version": 0,
          "attributes": {
            "address_prefixes": [
              "11.0.2.0/24"
            ],
            "default_outbound_access_enabled": true,
            "delegation": [],
            "id": "/subscriptions/86d6e9f1-1227-4473-98f5-7920e3e02eef/resourceGroups/khkim_rg/providers/Microsoft.Network/virtualNetworks/spoke1-vnet/subnets/unique-snet",
            "ip_address_pool": [],
            "name": "unique-snet",
            "private_endpoint_network_policies": "Disabled",
            "private_link_service_network_policies_enabled": true,
            "resource_group_name": "khkim_rg",
            "service_endpoint_policy_ids": [],
            "service_endpoints": [],
            "sharing_scope": "",
            "timeouts": null,
            "virtual_network_name": "spoke1-vnet"
          },
          "sensitive_attributes": [],
          "identity_schema_version": 0,
          "identity": {
            "name": "unique-snet",
            "resource_group_name": "khkim_rg",
            "subscription_id": "86d6e9f1-1227-4473-98f5-7920e3e02eef",
            "virtual_network_name": "spoke1-vnet"
          },
          "private": "eyJlMmJmYjczMC1lY2FhLTExZTYtOGY4OC0zNDM2M2JjN2M0YzAiOnsiY3JlYXRlIjoxODAwMDAwMDAwMDAwLCJkZWxldGUiOjE4MDAwMDAwMDAwMDAsInJlYWQiOjMwMDAwMDAwMDAwMCwidXBkYXRlIjoxODAwMDAwMDAwMDAwfX0=",
          "dependencies": [
            "module.NSG.azurerm_network_security_group.nsg",
            "module.NSG.azurerm_network_security_rule.nsg_rule",
            "module.RG.azurerm_resource_group.rg",
            "module.UDR.azurerm_route.route",
            "module.UDR.azurerm_route_table.udr",
            "module.vnet.azurerm_virtual_network.vnet"
          ]
        },
        {
          "index_key": "vm-snet1",
          "schema_version": 0,
          "attributes": {
            "address_prefixes": [
              "11.0.0.0/24"
            ],
            "default_outbound_access_enabled": true,
            "delegation": [],
            "id": "/subscriptions/86d6e9f1-1227-4473-98f5-7920e3e02eef/resourceGroups/khkim_rg/providers/Microsoft.Network/virtualNetworks/spoke1-vnet/subnets/vm-snet1",
            "ip_address_pool": [],
            "name": "vm-snet1",
            "private_endpoint_network_policies": "Disabled",
            "private_link_service_network_policies_enabled": true,
            "resource_group_name": "khkim_rg",
            "service_endpoint_policy_ids": [],
            "service_endpoints": [],
            "sharing_scope": "",
            "timeouts": null,
            "virtual_network_name": "spoke1-vnet"
          },
          "sensitive_attributes": [],
          "identity_schema_version": 0,
          "identity": {
            "name": "vm-snet1",
            "resource_group_name": "khkim_rg",
            "subscription_id": "86d6e9f1-1227-4473-98f5-7920e3e02eef",
            "virtual_network_name": "spoke1-vnet"
          },
          "private": "eyJlMmJmYjczMC1lY2FhLTExZTYtOGY4OC0zNDM2M2JjN2M0YzAiOnsiY3JlYXRlIjoxODAwMDAwMDAwMDAwLCJkZWxldGUiOjE4MDAwMDAwMDAwMDAsInJlYWQiOjMwMDAwMDAwMDAwMCwidXBkYXRlIjoxODAwMDAwMDAwMDAwfX0=",
          "dependencies": [
            "module.NSG.azurerm_network_security_group.nsg",
            "module.NSG.azurerm_network_security_rule.nsg_rule",
            "module.RG.azurerm_resource_group.rg",
            "module.UDR.azurerm_route.route",
            "module.UDR.azurerm_route_table.udr",
            "module.vnet.azurerm_virtual_network.vnet"
          ]
        },
        {
          "index_key": "vm-snet2",
          "schema_version": 0,
          "attributes": {
            "address_prefixes": [
              "11.0.1.0/24"
            ],
            "default_outbound_access_enabled": true,
            "delegation": [],
            "id": "/subscriptions/86d6e9f1-1227-4473-98f5-7920e3e02eef/resourceGroups/khkim_rg/providers/Microsoft.Network/virtualNetworks/spoke1-vnet/subnets/vm-snet2",
            "ip_address_pool": [],
            "name": "vm-snet2",
            "private_endpoint_network_policies": "Disabled",
            "private_link_service_network_policies_enabled": true,
            "resource_group_name": "khkim_rg",
            "service_endpoint_policy_ids": [],
            "service_endpoints": [],
            "sharing_scope": "",
            "timeouts": null,
            "virtual_network_name": "spoke1-vnet"
          },
          "sensitive_attributes": [],
          "identity_schema_version": 0,
          "identity": {
            "name": "vm-snet2",
            "resource_group_name": "khkim_rg",
            "subscription_id": "86d6e9f1-1227-4473-98f5-7920e3e02eef",
            "virtual_network_name": "spoke1-vnet"
          },
          "private": "eyJlMmJmYjczMC1lY2FhLTExZTYtOGY4OC0zNDM2M2JjN2M0YzAiOnsiY3JlYXRlIjoxODAwMDAwMDAwMDAwLCJkZWxldGUiOjE4MDAwMDAwMDAwMDAsInJlYWQiOjMwMDAwMDAwMDAwMCwidXBkYXRlIjoxODAwMDAwMDAwMDAwfX0=",
          "dependencies": [
            "module.NSG.azurerm_network_security_group.nsg",
            "module.NSG.azurerm_network_security_rule.nsg_rule",
            "module.RG.azurerm_resource_group.rg",
            "module.UDR.azurerm_route.route",
            "module.UDR.azurerm_route_table.udr",
            "module.vnet.azurerm_virtual_network.vnet"
          ]
        }
      ]
    },
    {
      "module": "module.vnet[\"spoke1-vnet\"]",
      "mode": "managed",
      "type": "azurerm_virtual_network",
      "name": "vnet",
      "provider": "provider[\"registry.terraform.io/hashicorp/azurerm\"]",
      "instances": [
        {
          "schema_version": 0,
          "attributes": {
            "address_space": [
              "11.0.0.0/16"
            ],
            "bgp_community": "",
            "ddos_protection_plan": [],
            "dns_servers": [],
            "edge_zone": "",
            "encryption": [],
            "flow_timeout_in_minutes": 0,
            "guid": "83eef38c-300e-4988-b53e-3dfd276222f2",
            "id": "/subscriptions/86d6e9f1-1227-4473-98f5-7920e3e02eef/resourceGroups/khkim_rg/providers/Microsoft.Network/virtualNetworks/spoke1-vnet",
            "ip_address_pool": [],
            "location": "koreacentral",
            "name": "spoke1-vnet",
            "private_endpoint_vnet_policies": "Disabled",
            "resource_group_name": "khkim_rg",
            "subnet": [
              {
                "address_prefixes": [
                  "11.0.0.0/24"
                ],
                "default_outbound_access_enabled": true,
                "delegation": [],
                "id": "/subscriptions/86d6e9f1-1227-4473-98f5-7920e3e02eef/resourceGroups/khkim_rg/providers/Microsoft.Network/virtualNetworks/spoke1-vnet/subnets/vm-snet1",
                "name": "vm-snet1",
                "private_endpoint_network_policies": "Disabled",
                "private_link_service_network_policies_enabled": true,
                "route_table_id": "",
                "security_group": "",
                "service_endpoint_policy_ids": [],
                "service_endpoints": []
              },
              {
                "address_prefixes": [
                  "11.0.1.0/24"
                ],
                "default_outbound_access_enabled": true,
                "delegation": [],
                "id": "/subscriptions/86d6e9f1-1227-4473-98f5-7920e3e02eef/resourceGroups/khkim_rg/providers/Microsoft.Network/virtualNetworks/spoke1-vnet/subnets/vm-snet2",
                "name": "vm-snet2",
                "private_endpoint_network_policies": "Disabled",
                "private_link_service_network_policies_enabled": true,
                "route_table_id": "",
                "security_group": "",
                "service_endpoint_policy_ids": [],
                "service_endpoints": []
              },
              {
                "address_prefixes": [
                  "11.0.2.0/24"
                ],
                "default_outbound_access_enabled": true,
                "delegation": [],
                "id": "/subscriptions/86d6e9f1-1227-4473-98f5-7920e3e02eef/resourceGroups/khkim_rg/providers/Microsoft.Network/virtualNetworks/spoke1-vnet/subnets/unique-snet",
                "name": "unique-snet",
                "private_endpoint_network_policies": "Disabled",
                "private_link_service_network_policies_enabled": true,
                "route_table_id": "",
                "security_group": "",
                "service_endpoint_policy_ids": [],
                "service_endpoints": []
              }
            ],
            "tags": {
              "owner": "김교현"
            },
            "timeouts": null
          },
          "sensitive_attributes": [],
          "identity_schema_version": 0,
          "identity": {
            "name": "spoke1-vnet",
            "resource_group_name": "khkim_rg",
            "subscription_id": "86d6e9f1-1227-4473-98f5-7920e3e02eef"
          },
          "private": "eyJlMmJmYjczMC1lY2FhLTExZTYtOGY4OC0zNDM2M2JjN2M0YzAiOnsiY3JlYXRlIjoxODAwMDAwMDAwMDAwLCJkZWxldGUiOjE4MDAwMDAwMDAwMDAsInJlYWQiOjMwMDAwMDAwMDAwMCwidXBkYXRlIjoxODAwMDAwMDAwMDAwfX0=",
          "dependencies": [
            "module.RG.azurerm_resource_group.rg"
          ]
        }
      ]
    }
  ],
  "check_results": null
}
